// !$*UTF8*$!
{
	archiveVersion = 1;
	classes = {
	};
	objectVersion = 56;
	objects = {

/* Begin PBXBuildFile section */
		410AB74D2985773F001C7319 /* Event+CoreDataClass.swift in Sources */ = {isa = PBXBuildFile; fileRef = 410AB74B2985773F001C7319 /* Event+CoreDataClass.swift */; };
		410AB74E2985773F001C7319 /* Event+CoreDataProperties.swift in Sources */ = {isa = PBXBuildFile; fileRef = 410AB74C2985773F001C7319 /* Event+CoreDataProperties.swift */; };
		4164EAAF29DA5D8A00F09EB4 /* StubCheckDataModel.xcdatamodeld in Sources */ = {isa = PBXBuildFile; fileRef = 4164EAAD29DA5D8A00F09EB4 /* StubCheckDataModel.xcdatamodeld */; };
		4164EAB529DA5EF200F09EB4 /* Stub+CoreDataClass.swift in Sources */ = {isa = PBXBuildFile; fileRef = 4164EAB129DA5EF200F09EB4 /* Stub+CoreDataClass.swift */; };
		4164EAB629DA5EF200F09EB4 /* Stub+CoreDataProperties.swift in Sources */ = {isa = PBXBuildFile; fileRef = 4164EAB229DA5EF200F09EB4 /* Stub+CoreDataProperties.swift */; };
		4164EAB729DA5EF200F09EB4 /* Check+CoreDataClass.swift in Sources */ = {isa = PBXBuildFile; fileRef = 4164EAB329DA5EF200F09EB4 /* Check+CoreDataClass.swift */; };
		4164EAB829DA5EF200F09EB4 /* Check+CoreDataProperties.swift in Sources */ = {isa = PBXBuildFile; fileRef = 4164EAB429DA5EF200F09EB4 /* Check+CoreDataProperties.swift */; };
		4164EB0B29DBA93900F09EB4 /* CloudKit.framework in Frameworks */ = {isa = PBXBuildFile; fileRef = 4164EAB929DA679100F09EB4 /* CloudKit.framework */; };
		4164EB0D29DC648E00F09EB4 /* CalendarVC+BlockAlls.swift in Sources */ = {isa = PBXBuildFile; fileRef = 4164EB0C29DC648E00F09EB4 /* CalendarVC+BlockAlls.swift */; };
		4164EB0F29DCAE2600F09EB4 /* OnboardingiCloudSignIn.swift in Sources */ = {isa = PBXBuildFile; fileRef = 4164EB0E29DCAE2600F09EB4 /* OnboardingiCloudSignIn.swift */; };
		4194028B294F6005007F6624 /* CalendarVC+BOButtonCreation.swift in Sources */ = {isa = PBXBuildFile; fileRef = 4194028A294F6005007F6624 /* CalendarVC+BOButtonCreation.swift */; };
		4198A2E629CFA3110082A960 /* OnboardingSelectCalendar.swift in Sources */ = {isa = PBXBuildFile; fileRef = 4198A2E529CFA3110082A960 /* OnboardingSelectCalendar.swift */; };
		4198A2E829CFAB0F0082A960 /* OnBoardingSelectTimes.swift in Sources */ = {isa = PBXBuildFile; fileRef = 4198A2E729CFAB0F0082A960 /* OnBoardingSelectTimes.swift */; };
		4198A2EA29CFC5000082A960 /* OnboardingCreateStub.swift in Sources */ = {isa = PBXBuildFile; fileRef = 4198A2E929CFC5000082A960 /* OnboardingCreateStub.swift */; };
		4198A2EC29CFCB1F0082A960 /* OnboardingTapDemo.swift in Sources */ = {isa = PBXBuildFile; fileRef = 4198A2EB29CFCB1F0082A960 /* OnboardingTapDemo.swift */; };
		4198A2EE29CFE4AD0082A960 /* OnboardingRequestPermission.swift in Sources */ = {isa = PBXBuildFile; fileRef = 4198A2ED29CFE4AD0082A960 /* OnboardingRequestPermission.swift */; };
		4198A32B29D3632D0082A960 /* SharedDefaults.swift in Sources */ = {isa = PBXBuildFile; fileRef = 4198A32A29D3632D0082A960 /* SharedDefaults.swift */; };
		41A540A52973928D005CE9CC /* CalendarViewModel.swift in Sources */ = {isa = PBXBuildFile; fileRef = 41A540A42973928D005CE9CC /* CalendarViewModel.swift */; };
		41A540A72974EDB8005CE9CC /* SpinnerViewController.swift in Sources */ = {isa = PBXBuildFile; fileRef = 41A540A62974EDB8005CE9CC /* SpinnerViewController.swift */; };
		41A540AE2975ACCC005CE9CC /* View+Extensions.swift in Sources */ = {isa = PBXBuildFile; fileRef = 41A540AD2975ACCC005CE9CC /* View+Extensions.swift */; };
		41A540B02975AD1A005CE9CC /* StubViewModel.swift in Sources */ = {isa = PBXBuildFile; fileRef = 41A540AF2975AD1A005CE9CC /* StubViewModel.swift */; };
		41A540B62975AECF005CE9CC /* StubListViewModel.swift in Sources */ = {isa = PBXBuildFile; fileRef = 41A540B52975AECF005CE9CC /* StubListViewModel.swift */; };
		41A540B82975B82D005CE9CC /* AddStubViewModel.swift in Sources */ = {isa = PBXBuildFile; fileRef = 41A540B72975B82D005CE9CC /* AddStubViewModel.swift */; };
		41A540BB2975BBDF005CE9CC /* CreateStubUIView.swift in Sources */ = {isa = PBXBuildFile; fileRef = 41A540BA2975BBDF005CE9CC /* CreateStubUIView.swift */; };
		41A540BD2975BC72005CE9CC /* StubUIView.swift in Sources */ = {isa = PBXBuildFile; fileRef = 41A540BC2975BC72005CE9CC /* StubUIView.swift */; };
		41B807F729DF9AC5005DEAB7 /* OnboardingWelcome.swift in Sources */ = {isa = PBXBuildFile; fileRef = 41B807F629DF9AC5005DEAB7 /* OnboardingWelcome.swift */; };
		41B807F929DF9B7E005DEAB7 /* OnboardingSubscribe.swift in Sources */ = {isa = PBXBuildFile; fileRef = 41B807F829DF9B7E005DEAB7 /* OnboardingSubscribe.swift */; };
		41B807FB29E4E962005DEAB7 /* SubUnitViewModel.swift in Sources */ = {isa = PBXBuildFile; fileRef = 41B807FA29E4E962005DEAB7 /* SubUnitViewModel.swift */; };
		41B807FD29E6494B005DEAB7 /* OnboardingWelcome_.swift in Sources */ = {isa = PBXBuildFile; fileRef = 41B807FC29E6494B005DEAB7 /* OnboardingWelcome_.swift */; };
		41B8080929E9D7EC005DEAB7 /* RevenueCat in Frameworks */ = {isa = PBXBuildFile; productRef = 41B8080829E9D7EC005DEAB7 /* RevenueCat */; };
		41B8080B29E9D819005DEAB7 /* StoreKit.framework in Frameworks */ = {isa = PBXBuildFile; fileRef = 41B8080A29E9D819005DEAB7 /* StoreKit.framework */; };
		41B8080D29EAC11B005DEAB7 /* OnboardingSubScribeViewModel.swift in Sources */ = {isa = PBXBuildFile; fileRef = 41B8080C29EAC11A005DEAB7 /* OnboardingSubScribeViewModel.swift */; };
		41BDABBB2970DFDD00ABF867 /* BOTabBarController.swift in Sources */ = {isa = PBXBuildFile; fileRef = 41BDABBA2970DFDD00ABF867 /* BOTabBarController.swift */; };
		41C337CC29494D16008F7FF2 /* DayViewModel.swift in Sources */ = {isa = PBXBuildFile; fileRef = 41C337CB29494D16008F7FF2 /* DayViewModel.swift */; };
		41C337CE29494D73008F7FF2 /* EventViewModel.swift in Sources */ = {isa = PBXBuildFile; fileRef = 41C337CD29494D73008F7FF2 /* EventViewModel.swift */; };
		41C337D029494DDC008F7FF2 /* UnitViewModel.swift in Sources */ = {isa = PBXBuildFile; fileRef = 41C337CF29494DDC008F7FF2 /* UnitViewModel.swift */; };
		41CAAB162985F4D00087EB74 /* ProfileViewModel.swift in Sources */ = {isa = PBXBuildFile; fileRef = 41CAAB152985F4D00087EB74 /* ProfileViewModel.swift */; };
		41CAAB18298766020087EB74 /* CheckViewModel.swift in Sources */ = {isa = PBXBuildFile; fileRef = 41CAAB17298766020087EB74 /* CheckViewModel.swift */; };
		41CD6D54293B99DD009012DF /* AppDelegate.swift in Sources */ = {isa = PBXBuildFile; fileRef = 41CD6D53293B99DD009012DF /* AppDelegate.swift */; };
		41CD6D56293B99DD009012DF /* SceneDelegate.swift in Sources */ = {isa = PBXBuildFile; fileRef = 41CD6D55293B99DD009012DF /* SceneDelegate.swift */; };
		41CD6D58293B99DD009012DF /* CalendarViewController.swift in Sources */ = {isa = PBXBuildFile; fileRef = 41CD6D57293B99DD009012DF /* CalendarViewController.swift */; };
		41CD6D5D293B99DE009012DF /* Assets.xcassets in Resources */ = {isa = PBXBuildFile; fileRef = 41CD6D5C293B99DE009012DF /* Assets.xcassets */; };
		41CD6D60293B99DE009012DF /* LaunchScreen.storyboard in Resources */ = {isa = PBXBuildFile; fileRef = 41CD6D5E293B99DE009012DF /* LaunchScreen.storyboard */; };
		41D24D0B297137FB00AD78F5 /* CalendarsUIView.swift in Sources */ = {isa = PBXBuildFile; fileRef = 41D24D0A297137FB00AD78F5 /* CalendarsUIView.swift */; };
		41D24D112972F5BE00AD78F5 /* ProfileUIView.swift in Sources */ = {isa = PBXBuildFile; fileRef = 41D24D102972F5BE00AD78F5 /* ProfileUIView.swift */; };
		41D24D142972FF6E00AD78F5 /* MockData.swift in Sources */ = {isa = PBXBuildFile; fileRef = 41D24D132972FF6E00AD78F5 /* MockData.swift */; };
		41D24D1629733A9200AD78F5 /* CalendarVC+TabBars.swift in Sources */ = {isa = PBXBuildFile; fileRef = 41D24D1529733A9200AD78F5 /* CalendarVC+TabBars.swift */; };
		41DCCC7E29909BA900E12117 /* SubUnitUIView.swift in Sources */ = {isa = PBXBuildFile; fileRef = 41DCCC7D29909BA900E12117 /* SubUnitUIView.swift */; };
		41DCCC8229909FEF00E12117 /* BlockOffEventUIView.swift in Sources */ = {isa = PBXBuildFile; fileRef = 41DCCC8129909FEF00E12117 /* BlockOffEventUIView.swift */; };
		41DCCC852990A03100E12117 /* RealCalendarEventUIView.swift in Sources */ = {isa = PBXBuildFile; fileRef = 41DCCC842990A03100E12117 /* RealCalendarEventUIView.swift */; };
		41E7C06129BD39F00094F536 /* EditStubViewModel.swift in Sources */ = {isa = PBXBuildFile; fileRef = 41E7C06029BD39F00094F536 /* EditStubViewModel.swift */; };
		41E7C06329BD3C810094F536 /* EditStubUIView.swift in Sources */ = {isa = PBXBuildFile; fileRef = 41E7C06229BD3C810094F536 /* EditStubUIView.swift */; };
		41E7C06729C006FB0094F536 /* EditBlockOffEventViewModel.swift in Sources */ = {isa = PBXBuildFile; fileRef = 41E7C06629C006FB0094F536 /* EditBlockOffEventViewModel.swift */; };
		41E7C06929C0070D0094F536 /* EditBlockOffEventUIView.swift in Sources */ = {isa = PBXBuildFile; fileRef = 41E7C06829C0070D0094F536 /* EditBlockOffEventUIView.swift */; };
		41E7C06B29CA71410094F536 /* CalendarVC+NavigationBar.swift in Sources */ = {isa = PBXBuildFile; fileRef = 41E7C06A29CA71410094F536 /* CalendarVC+NavigationBar.swift */; };
		41E7C06E29CD34220094F536 /* OnboardingView.swift in Sources */ = {isa = PBXBuildFile; fileRef = 41E7C06D29CD34220094F536 /* OnboardingView.swift */; };
		41F4B99C293B9CA0009A6FD2 /* CalendarKit in Frameworks */ = {isa = PBXBuildFile; productRef = 41F4B99B293B9CA0009A6FD2 /* CalendarKit */; };
		41F4B99F293B9DEA009A6FD2 /* BlockOffDataModel.xcdatamodeld in Sources */ = {isa = PBXBuildFile; fileRef = 41F4B99D293B9DEA009A6FD2 /* BlockOffDataModel.xcdatamodeld */; };
		41F4B9AC293BA327009A6FD2 /* Unit+CoreDataClass.swift in Sources */ = {isa = PBXBuildFile; fileRef = 41F4B9A4293BA327009A6FD2 /* Unit+CoreDataClass.swift */; };
		41F4B9AD293BA327009A6FD2 /* Unit+CoreDataProperties.swift in Sources */ = {isa = PBXBuildFile; fileRef = 41F4B9A5293BA327009A6FD2 /* Unit+CoreDataProperties.swift */; };
		41F4B9AE293BA327009A6FD2 /* Day+CoreDataClass.swift in Sources */ = {isa = PBXBuildFile; fileRef = 41F4B9A6293BA327009A6FD2 /* Day+CoreDataClass.swift */; };
		41F4B9AF293BA327009A6FD2 /* Day+CoreDataProperties.swift in Sources */ = {isa = PBXBuildFile; fileRef = 41F4B9A7293BA327009A6FD2 /* Day+CoreDataProperties.swift */; };
		41F4B9B3293BA3A2009A6FD2 /* CoreDataManager.swift in Sources */ = {isa = PBXBuildFile; fileRef = 41F4B9B2293BA3A2009A6FD2 /* CoreDataManager.swift */; };
		41F4B9B6293BA401009A6FD2 /* Helpers.swift in Sources */ = {isa = PBXBuildFile; fileRef = 41F4B9B5293BA401009A6FD2 /* Helpers.swift */; };
		41F4B9B8293BB04B009A6FD2 /* EKWrapper.swift in Sources */ = {isa = PBXBuildFile; fileRef = 41F4B9B7293BB04B009A6FD2 /* EKWrapper.swift */; };
		41F4B9BA293BB256009A6FD2 /* CalendarManager.swift in Sources */ = {isa = PBXBuildFile; fileRef = 41F4B9B9293BB256009A6FD2 /* CalendarManager.swift */; };
		41F4B9BD293BF6C9009A6FD2 /* CalendarVC+Extensions.swift in Sources */ = {isa = PBXBuildFile; fileRef = 41F4B9BC293BF6C9009A6FD2 /* CalendarVC+Extensions.swift */; };
		41FE258229EB5A7A0076FC1C /* RenewSubscriptionView.swift in Sources */ = {isa = PBXBuildFile; fileRef = 41FE258129EB5A7A0076FC1C /* RenewSubscriptionView.swift */; };
/* End PBXBuildFile section */

/* Begin PBXCopyFilesBuildPhase section */
		4198A30729D0E5030082A960 /* Embed Foundation Extensions */ = {
			isa = PBXCopyFilesBuildPhase;
			buildActionMask = 2147483647;
			dstPath = "";
			dstSubfolderSpec = 13;
			files = (
			);
			name = "Embed Foundation Extensions";
			runOnlyForDeploymentPostprocessing = 0;
		};
/* End PBXCopyFilesBuildPhase section */

/* Begin PBXFileReference section */
		410AB74B2985773F001C7319 /* Event+CoreDataClass.swift */ = {isa = PBXFileReference; lastKnownFileType = sourcecode.swift; path = "Event+CoreDataClass.swift"; sourceTree = "<group>"; };
		410AB74C2985773F001C7319 /* Event+CoreDataProperties.swift */ = {isa = PBXFileReference; lastKnownFileType = sourcecode.swift; path = "Event+CoreDataProperties.swift"; sourceTree = "<group>"; };
		4164EAAE29DA5D8A00F09EB4 /* StubCheckDataModel.xcdatamodel */ = {isa = PBXFileReference; lastKnownFileType = wrapper.xcdatamodel; path = StubCheckDataModel.xcdatamodel; sourceTree = "<group>"; };
		4164EAB129DA5EF200F09EB4 /* Stub+CoreDataClass.swift */ = {isa = PBXFileReference; lastKnownFileType = sourcecode.swift; path = "Stub+CoreDataClass.swift"; sourceTree = "<group>"; };
		4164EAB229DA5EF200F09EB4 /* Stub+CoreDataProperties.swift */ = {isa = PBXFileReference; lastKnownFileType = sourcecode.swift; path = "Stub+CoreDataProperties.swift"; sourceTree = "<group>"; };
		4164EAB329DA5EF200F09EB4 /* Check+CoreDataClass.swift */ = {isa = PBXFileReference; lastKnownFileType = sourcecode.swift; path = "Check+CoreDataClass.swift"; sourceTree = "<group>"; };
		4164EAB429DA5EF200F09EB4 /* Check+CoreDataProperties.swift */ = {isa = PBXFileReference; lastKnownFileType = sourcecode.swift; path = "Check+CoreDataProperties.swift"; sourceTree = "<group>"; };
		4164EAB929DA679100F09EB4 /* CloudKit.framework */ = {isa = PBXFileReference; lastKnownFileType = wrapper.framework; name = CloudKit.framework; path = System/Library/Frameworks/CloudKit.framework; sourceTree = SDKROOT; };
		4164EB0C29DC648E00F09EB4 /* CalendarVC+BlockAlls.swift */ = {isa = PBXFileReference; lastKnownFileType = sourcecode.swift; path = "CalendarVC+BlockAlls.swift"; sourceTree = "<group>"; };
		4164EB0E29DCAE2600F09EB4 /* OnboardingiCloudSignIn.swift */ = {isa = PBXFileReference; lastKnownFileType = sourcecode.swift; path = OnboardingiCloudSignIn.swift; sourceTree = "<group>"; };
		4194028A294F6005007F6624 /* CalendarVC+BOButtonCreation.swift */ = {isa = PBXFileReference; lastKnownFileType = sourcecode.swift; path = "CalendarVC+BOButtonCreation.swift"; sourceTree = "<group>"; };
		4198A2E529CFA3110082A960 /* OnboardingSelectCalendar.swift */ = {isa = PBXFileReference; lastKnownFileType = sourcecode.swift; path = OnboardingSelectCalendar.swift; sourceTree = "<group>"; };
		4198A2E729CFAB0F0082A960 /* OnBoardingSelectTimes.swift */ = {isa = PBXFileReference; lastKnownFileType = sourcecode.swift; path = OnBoardingSelectTimes.swift; sourceTree = "<group>"; };
		4198A2E929CFC5000082A960 /* OnboardingCreateStub.swift */ = {isa = PBXFileReference; lastKnownFileType = sourcecode.swift; path = OnboardingCreateStub.swift; sourceTree = "<group>"; };
		4198A2EB29CFCB1F0082A960 /* OnboardingTapDemo.swift */ = {isa = PBXFileReference; lastKnownFileType = sourcecode.swift; path = OnboardingTapDemo.swift; sourceTree = "<group>"; };
		4198A2ED29CFE4AD0082A960 /* OnboardingRequestPermission.swift */ = {isa = PBXFileReference; lastKnownFileType = sourcecode.swift; path = OnboardingRequestPermission.swift; sourceTree = "<group>"; };
		4198A2F729D0E5010082A960 /* SwiftUI.framework */ = {isa = PBXFileReference; lastKnownFileType = wrapper.framework; name = SwiftUI.framework; path = System/Library/Frameworks/SwiftUI.framework; sourceTree = SDKROOT; };
		4198A32129D3511F0082A960 /* blockOffV4.entitlements */ = {isa = PBXFileReference; lastKnownFileType = text.plist.entitlements; path = blockOffV4.entitlements; sourceTree = "<group>"; };
		4198A32A29D3632D0082A960 /* SharedDefaults.swift */ = {isa = PBXFileReference; lastKnownFileType = sourcecode.swift; path = SharedDefaults.swift; sourceTree = "<group>"; };
		41A540A42973928D005CE9CC /* CalendarViewModel.swift */ = {isa = PBXFileReference; lastKnownFileType = sourcecode.swift; path = CalendarViewModel.swift; sourceTree = "<group>"; };
		41A540A62974EDB8005CE9CC /* SpinnerViewController.swift */ = {isa = PBXFileReference; lastKnownFileType = sourcecode.swift; path = SpinnerViewController.swift; sourceTree = "<group>"; };
		41A540AD2975ACCC005CE9CC /* View+Extensions.swift */ = {isa = PBXFileReference; lastKnownFileType = sourcecode.swift; path = "View+Extensions.swift"; sourceTree = "<group>"; };
		41A540AF2975AD1A005CE9CC /* StubViewModel.swift */ = {isa = PBXFileReference; lastKnownFileType = sourcecode.swift; path = StubViewModel.swift; sourceTree = "<group>"; };
		41A540B52975AECF005CE9CC /* StubListViewModel.swift */ = {isa = PBXFileReference; lastKnownFileType = sourcecode.swift; path = StubListViewModel.swift; sourceTree = "<group>"; };
		41A540B72975B82D005CE9CC /* AddStubViewModel.swift */ = {isa = PBXFileReference; lastKnownFileType = sourcecode.swift; path = AddStubViewModel.swift; sourceTree = "<group>"; };
		41A540BA2975BBDF005CE9CC /* CreateStubUIView.swift */ = {isa = PBXFileReference; lastKnownFileType = sourcecode.swift; path = CreateStubUIView.swift; sourceTree = "<group>"; };
		41A540BC2975BC72005CE9CC /* StubUIView.swift */ = {isa = PBXFileReference; lastKnownFileType = sourcecode.swift; path = StubUIView.swift; sourceTree = "<group>"; };
		41B807F629DF9AC5005DEAB7 /* OnboardingWelcome.swift */ = {isa = PBXFileReference; lastKnownFileType = sourcecode.swift; path = OnboardingWelcome.swift; sourceTree = "<group>"; };
		41B807F829DF9B7E005DEAB7 /* OnboardingSubscribe.swift */ = {isa = PBXFileReference; lastKnownFileType = sourcecode.swift; path = OnboardingSubscribe.swift; sourceTree = "<group>"; };
		41B807FA29E4E962005DEAB7 /* SubUnitViewModel.swift */ = {isa = PBXFileReference; lastKnownFileType = sourcecode.swift; path = SubUnitViewModel.swift; sourceTree = "<group>"; };
		41B807FC29E6494B005DEAB7 /* OnboardingWelcome_.swift */ = {isa = PBXFileReference; lastKnownFileType = sourcecode.swift; path = OnboardingWelcome_.swift; sourceTree = "<group>"; };
		41B8080A29E9D819005DEAB7 /* StoreKit.framework */ = {isa = PBXFileReference; lastKnownFileType = wrapper.framework; name = StoreKit.framework; path = System/Library/Frameworks/StoreKit.framework; sourceTree = SDKROOT; };
		41B8080C29EAC11A005DEAB7 /* OnboardingSubScribeViewModel.swift */ = {isa = PBXFileReference; lastKnownFileType = sourcecode.swift; path = OnboardingSubScribeViewModel.swift; sourceTree = "<group>"; };
		41BDABBA2970DFDD00ABF867 /* BOTabBarController.swift */ = {isa = PBXFileReference; lastKnownFileType = sourcecode.swift; path = BOTabBarController.swift; sourceTree = "<group>"; };
		41C337CB29494D16008F7FF2 /* DayViewModel.swift */ = {isa = PBXFileReference; lastKnownFileType = sourcecode.swift; path = DayViewModel.swift; sourceTree = "<group>"; };
		41C337CD29494D73008F7FF2 /* EventViewModel.swift */ = {isa = PBXFileReference; lastKnownFileType = sourcecode.swift; path = EventViewModel.swift; sourceTree = "<group>"; };
		41C337CF29494DDC008F7FF2 /* UnitViewModel.swift */ = {isa = PBXFileReference; lastKnownFileType = sourcecode.swift; path = UnitViewModel.swift; sourceTree = "<group>"; };
		41CAAB152985F4D00087EB74 /* ProfileViewModel.swift */ = {isa = PBXFileReference; lastKnownFileType = sourcecode.swift; path = ProfileViewModel.swift; sourceTree = "<group>"; };
		41CAAB17298766020087EB74 /* CheckViewModel.swift */ = {isa = PBXFileReference; lastKnownFileType = sourcecode.swift; path = CheckViewModel.swift; sourceTree = "<group>"; };
		41CD6D50293B99DD009012DF /* blockOffV4.app */ = {isa = PBXFileReference; explicitFileType = wrapper.application; includeInIndex = 0; path = blockOffV4.app; sourceTree = BUILT_PRODUCTS_DIR; };
		41CD6D53293B99DD009012DF /* AppDelegate.swift */ = {isa = PBXFileReference; lastKnownFileType = sourcecode.swift; path = AppDelegate.swift; sourceTree = "<group>"; };
		41CD6D55293B99DD009012DF /* SceneDelegate.swift */ = {isa = PBXFileReference; lastKnownFileType = sourcecode.swift; path = SceneDelegate.swift; sourceTree = "<group>"; };
		41CD6D57293B99DD009012DF /* CalendarViewController.swift */ = {isa = PBXFileReference; lastKnownFileType = sourcecode.swift; path = CalendarViewController.swift; sourceTree = "<group>"; };
		41CD6D5C293B99DE009012DF /* Assets.xcassets */ = {isa = PBXFileReference; lastKnownFileType = folder.assetcatalog; path = Assets.xcassets; sourceTree = "<group>"; };
		41CD6D5F293B99DE009012DF /* Base */ = {isa = PBXFileReference; lastKnownFileType = file.storyboard; name = Base; path = Base.lproj/LaunchScreen.storyboard; sourceTree = "<group>"; };
		41CD6D61293B99DE009012DF /* Info.plist */ = {isa = PBXFileReference; lastKnownFileType = text.plist.xml; path = Info.plist; sourceTree = "<group>"; };
		41D24D0A297137FB00AD78F5 /* CalendarsUIView.swift */ = {isa = PBXFileReference; lastKnownFileType = sourcecode.swift; path = CalendarsUIView.swift; sourceTree = "<group>"; };
		41D24D102972F5BE00AD78F5 /* ProfileUIView.swift */ = {isa = PBXFileReference; lastKnownFileType = sourcecode.swift; path = ProfileUIView.swift; sourceTree = "<group>"; };
		41D24D132972FF6E00AD78F5 /* MockData.swift */ = {isa = PBXFileReference; lastKnownFileType = sourcecode.swift; path = MockData.swift; sourceTree = "<group>"; };
		41D24D1529733A9200AD78F5 /* CalendarVC+TabBars.swift */ = {isa = PBXFileReference; lastKnownFileType = sourcecode.swift; path = "CalendarVC+TabBars.swift"; sourceTree = "<group>"; };
		41DCCC7D29909BA900E12117 /* SubUnitUIView.swift */ = {isa = PBXFileReference; lastKnownFileType = sourcecode.swift; path = SubUnitUIView.swift; sourceTree = "<group>"; };
		41DCCC8129909FEF00E12117 /* BlockOffEventUIView.swift */ = {isa = PBXFileReference; lastKnownFileType = sourcecode.swift; path = BlockOffEventUIView.swift; sourceTree = "<group>"; };
		41DCCC842990A03100E12117 /* RealCalendarEventUIView.swift */ = {isa = PBXFileReference; lastKnownFileType = sourcecode.swift; path = RealCalendarEventUIView.swift; sourceTree = "<group>"; };
		41E7C06029BD39F00094F536 /* EditStubViewModel.swift */ = {isa = PBXFileReference; lastKnownFileType = sourcecode.swift; path = EditStubViewModel.swift; sourceTree = "<group>"; };
		41E7C06229BD3C810094F536 /* EditStubUIView.swift */ = {isa = PBXFileReference; lastKnownFileType = sourcecode.swift; path = EditStubUIView.swift; sourceTree = "<group>"; };
		41E7C06629C006FB0094F536 /* EditBlockOffEventViewModel.swift */ = {isa = PBXFileReference; lastKnownFileType = sourcecode.swift; path = EditBlockOffEventViewModel.swift; sourceTree = "<group>"; };
		41E7C06829C0070D0094F536 /* EditBlockOffEventUIView.swift */ = {isa = PBXFileReference; lastKnownFileType = sourcecode.swift; path = EditBlockOffEventUIView.swift; sourceTree = "<group>"; };
		41E7C06A29CA71410094F536 /* CalendarVC+NavigationBar.swift */ = {isa = PBXFileReference; lastKnownFileType = sourcecode.swift; path = "CalendarVC+NavigationBar.swift"; sourceTree = "<group>"; };
		41E7C06D29CD34220094F536 /* OnboardingView.swift */ = {isa = PBXFileReference; lastKnownFileType = sourcecode.swift; path = OnboardingView.swift; sourceTree = "<group>"; };
		41F4B99E293B9DEA009A6FD2 /* BlockOffDataModel.xcdatamodel */ = {isa = PBXFileReference; lastKnownFileType = wrapper.xcdatamodel; path = BlockOffDataModel.xcdatamodel; sourceTree = "<group>"; };
		41F4B9A4293BA327009A6FD2 /* Unit+CoreDataClass.swift */ = {isa = PBXFileReference; lastKnownFileType = sourcecode.swift; path = "Unit+CoreDataClass.swift"; sourceTree = "<group>"; };
		41F4B9A5293BA327009A6FD2 /* Unit+CoreDataProperties.swift */ = {isa = PBXFileReference; lastKnownFileType = sourcecode.swift; path = "Unit+CoreDataProperties.swift"; sourceTree = "<group>"; };
		41F4B9A6293BA327009A6FD2 /* Day+CoreDataClass.swift */ = {isa = PBXFileReference; lastKnownFileType = sourcecode.swift; path = "Day+CoreDataClass.swift"; sourceTree = "<group>"; };
		41F4B9A7293BA327009A6FD2 /* Day+CoreDataProperties.swift */ = {isa = PBXFileReference; lastKnownFileType = sourcecode.swift; path = "Day+CoreDataProperties.swift"; sourceTree = "<group>"; };
		41F4B9B2293BA3A2009A6FD2 /* CoreDataManager.swift */ = {isa = PBXFileReference; lastKnownFileType = sourcecode.swift; path = CoreDataManager.swift; sourceTree = "<group>"; };
		41F4B9B5293BA401009A6FD2 /* Helpers.swift */ = {isa = PBXFileReference; lastKnownFileType = sourcecode.swift; path = Helpers.swift; sourceTree = "<group>"; };
		41F4B9B7293BB04B009A6FD2 /* EKWrapper.swift */ = {isa = PBXFileReference; lastKnownFileType = sourcecode.swift; path = EKWrapper.swift; sourceTree = "<group>"; };
		41F4B9B9293BB256009A6FD2 /* CalendarManager.swift */ = {isa = PBXFileReference; lastKnownFileType = sourcecode.swift; path = CalendarManager.swift; sourceTree = "<group>"; };
		41F4B9BC293BF6C9009A6FD2 /* CalendarVC+Extensions.swift */ = {isa = PBXFileReference; lastKnownFileType = sourcecode.swift; path = "CalendarVC+Extensions.swift"; sourceTree = "<group>"; };
		41FE258129EB5A7A0076FC1C /* RenewSubscriptionView.swift */ = {isa = PBXFileReference; lastKnownFileType = sourcecode.swift; path = RenewSubscriptionView.swift; sourceTree = "<group>"; };
/* End PBXFileReference section */

/* Begin PBXFrameworksBuildPhase section */
		41CD6D4D293B99DD009012DF /* Frameworks */ = {
			isa = PBXFrameworksBuildPhase;
			buildActionMask = 2147483647;
			files = (
				41F4B99C293B9CA0009A6FD2 /* CalendarKit in Frameworks */,
				4164EB0B29DBA93900F09EB4 /* CloudKit.framework in Frameworks */,
				41B8080929E9D7EC005DEAB7 /* RevenueCat in Frameworks */,
				41B8080B29E9D819005DEAB7 /* StoreKit.framework in Frameworks */,
			);
			runOnlyForDeploymentPostprocessing = 0;
		};
/* End PBXFrameworksBuildPhase section */

/* Begin PBXGroup section */
		4164EAB029DA5EBB00F09EB4 /* Cloud Models */ = {
			isa = PBXGroup;
			children = (
				4164EAB129DA5EF200F09EB4 /* Stub+CoreDataClass.swift */,
				4164EAB229DA5EF200F09EB4 /* Stub+CoreDataProperties.swift */,
				4164EAB329DA5EF200F09EB4 /* Check+CoreDataClass.swift */,
				4164EAB429DA5EF200F09EB4 /* Check+CoreDataProperties.swift */,
			);
			path = "Cloud Models";
			sourceTree = "<group>";
		};
		4198A2F429D0E5000082A960 /* Frameworks */ = {
			isa = PBXGroup;
			children = (
				41B8080A29E9D819005DEAB7 /* StoreKit.framework */,
				4164EAB929DA679100F09EB4 /* CloudKit.framework */,
				4198A2F729D0E5010082A960 /* SwiftUI.framework */,
			);
			name = Frameworks;
			sourceTree = "<group>";
		};
		41A540AC2975ACB9005CE9CC /* Extensions */ = {
			isa = PBXGroup;
			children = (
				41A540AD2975ACCC005CE9CC /* View+Extensions.swift */,
			);
			path = Extensions;
			sourceTree = "<group>";
		};
		41A540B92975BB44005CE9CC /* CreateStubVC */ = {
			isa = PBXGroup;
			children = (
				41A540B52975AECF005CE9CC /* StubListViewModel.swift */,
				41A540B72975B82D005CE9CC /* AddStubViewModel.swift */,
				41A540BC2975BC72005CE9CC /* StubUIView.swift */,
				41A540BA2975BBDF005CE9CC /* CreateStubUIView.swift */,
				41E7C06029BD39F00094F536 /* EditStubViewModel.swift */,
				41E7C06229BD3C810094F536 /* EditStubUIView.swift */,
			);
			path = CreateStubVC;
			sourceTree = "<group>";
		};
		41BDABB92970DFAD00ABF867 /* Tab Bar */ = {
			isa = PBXGroup;
			children = (
				41BDABBA2970DFDD00ABF867 /* BOTabBarController.swift */,
			);
			path = "Tab Bar";
			sourceTree = "<group>";
		};
		41C337CA29494CEA008F7FF2 /* View Models */ = {
			isa = PBXGroup;
			children = (
				41C337CB29494D16008F7FF2 /* DayViewModel.swift */,
				41C337CD29494D73008F7FF2 /* EventViewModel.swift */,
				41C337CF29494DDC008F7FF2 /* UnitViewModel.swift */,
				41A540A42973928D005CE9CC /* CalendarViewModel.swift */,
				41A540AF2975AD1A005CE9CC /* StubViewModel.swift */,
				41CAAB17298766020087EB74 /* CheckViewModel.swift */,
			);
			path = "View Models";
			sourceTree = "<group>";
		};
		41CD6D47293B99DD009012DF = {
			isa = PBXGroup;
			children = (
				41CD6D52293B99DD009012DF /* blockOffV4 */,
				4198A2F429D0E5000082A960 /* Frameworks */,
				41CD6D51293B99DD009012DF /* Products */,
			);
			sourceTree = "<group>";
		};
		41CD6D51293B99DD009012DF /* Products */ = {
			isa = PBXGroup;
			children = (
				41CD6D50293B99DD009012DF /* blockOffV4.app */,
			);
			name = Products;
			sourceTree = "<group>";
		};
		41CD6D52293B99DD009012DF /* blockOffV4 */ = {
			isa = PBXGroup;
			children = (
				4198A32129D3511F0082A960 /* blockOffV4.entitlements */,
				41A540AC2975ACB9005CE9CC /* Extensions */,
				41D24D122972FF5C00AD78F5 /* Mock Data */,
				41BDABB92970DFAD00ABF867 /* Tab Bar */,
				41F4B9B4293BA3EB009A6FD2 /* Helpers */,
				4164EAB029DA5EBB00F09EB4 /* Cloud Models */,
				41F4B9B0293BA32C009A6FD2 /* CoreData Models */,
				41C337CA29494CEA008F7FF2 /* View Models */,
				41F4B9B1293BA36F009A6FD2 /* Managers */,
				41D24D0E2972F56600AD78F5 /* ViewControllers */,
				41E7C06C29CD33D50094F536 /* Onboarding Views */,
				41CD6D53293B99DD009012DF /* AppDelegate.swift */,
				41CD6D55293B99DD009012DF /* SceneDelegate.swift */,
				41CD6D5C293B99DE009012DF /* Assets.xcassets */,
				41CD6D5E293B99DE009012DF /* LaunchScreen.storyboard */,
				41CD6D61293B99DE009012DF /* Info.plist */,
				41F4B99D293B9DEA009A6FD2 /* BlockOffDataModel.xcdatamodeld */,
				4164EAAD29DA5D8A00F09EB4 /* StubCheckDataModel.xcdatamodeld */,
			);
			path = blockOffV4;
			sourceTree = "<group>";
		};
		41D24D0729712E2100AD78F5 /* CalendarsVC */ = {
			isa = PBXGroup;
			children = (
				41D24D0A297137FB00AD78F5 /* CalendarsUIView.swift */,
			);
			path = CalendarsVC;
			sourceTree = "<group>";
		};
		41D24D0E2972F56600AD78F5 /* ViewControllers */ = {
			isa = PBXGroup;
			children = (
				41DCCC8029909FAD00E12117 /* BlockOffCalendarEventVC */,
				41DCCC7F29909F7E00E12117 /* RealCalendarEventVC */,
				41DCCC7C29909AD900E12117 /* SubUnitVC */,
				41F4B9BB293BF69D009A6FD2 /* CalendarVC */,
				41A540B92975BB44005CE9CC /* CreateStubVC */,
				41D24D0F2972F58F00AD78F5 /* ProfileVC */,
				41D24D0729712E2100AD78F5 /* CalendarsVC */,
			);
			path = ViewControllers;
			sourceTree = "<group>";
		};
		41D24D0F2972F58F00AD78F5 /* ProfileVC */ = {
			isa = PBXGroup;
			children = (
				41D24D102972F5BE00AD78F5 /* ProfileUIView.swift */,
				41CAAB152985F4D00087EB74 /* ProfileViewModel.swift */,
			);
			path = ProfileVC;
			sourceTree = "<group>";
		};
		41D24D122972FF5C00AD78F5 /* Mock Data */ = {
			isa = PBXGroup;
			children = (
				41D24D132972FF6E00AD78F5 /* MockData.swift */,
			);
			path = "Mock Data";
			sourceTree = "<group>";
		};
		41DCCC7C29909AD900E12117 /* SubUnitVC */ = {
			isa = PBXGroup;
			children = (
				41DCCC7D29909BA900E12117 /* SubUnitUIView.swift */,
				41B807FA29E4E962005DEAB7 /* SubUnitViewModel.swift */,
			);
			path = SubUnitVC;
			sourceTree = "<group>";
		};
		41DCCC7F29909F7E00E12117 /* RealCalendarEventVC */ = {
			isa = PBXGroup;
			children = (
				41DCCC842990A03100E12117 /* RealCalendarEventUIView.swift */,
			);
			path = RealCalendarEventVC;
			sourceTree = "<group>";
		};
		41DCCC8029909FAD00E12117 /* BlockOffCalendarEventVC */ = {
			isa = PBXGroup;
			children = (
				41DCCC8129909FEF00E12117 /* BlockOffEventUIView.swift */,
				41E7C06629C006FB0094F536 /* EditBlockOffEventViewModel.swift */,
				41E7C06829C0070D0094F536 /* EditBlockOffEventUIView.swift */,
			);
			path = BlockOffCalendarEventVC;
			sourceTree = "<group>";
		};
		41E7C06C29CD33D50094F536 /* Onboarding Views */ = {
			isa = PBXGroup;
			children = (
				41E7C06D29CD34220094F536 /* OnboardingView.swift */,
				4198A2E529CFA3110082A960 /* OnboardingSelectCalendar.swift */,
				4198A2E729CFAB0F0082A960 /* OnBoardingSelectTimes.swift */,
				4198A2E929CFC5000082A960 /* OnboardingCreateStub.swift */,
				4198A2EB29CFCB1F0082A960 /* OnboardingTapDemo.swift */,
				4198A2ED29CFE4AD0082A960 /* OnboardingRequestPermission.swift */,
				4164EB0E29DCAE2600F09EB4 /* OnboardingiCloudSignIn.swift */,
				41B807F629DF9AC5005DEAB7 /* OnboardingWelcome.swift */,
				41B807F829DF9B7E005DEAB7 /* OnboardingSubscribe.swift */,
				41B807FC29E6494B005DEAB7 /* OnboardingWelcome_.swift */,
				41B8080C29EAC11A005DEAB7 /* OnboardingSubScribeViewModel.swift */,
				41FE258129EB5A7A0076FC1C /* RenewSubscriptionView.swift */,
			);
			path = "Onboarding Views";
			sourceTree = "<group>";
		};
		41F4B9B0293BA32C009A6FD2 /* CoreData Models */ = {
			isa = PBXGroup;
			children = (
				41F4B9B7293BB04B009A6FD2 /* EKWrapper.swift */,
				41F4B9A6293BA327009A6FD2 /* Day+CoreDataClass.swift */,
				41F4B9A7293BA327009A6FD2 /* Day+CoreDataProperties.swift */,
				41F4B9A4293BA327009A6FD2 /* Unit+CoreDataClass.swift */,
				41F4B9A5293BA327009A6FD2 /* Unit+CoreDataProperties.swift */,
				410AB74B2985773F001C7319 /* Event+CoreDataClass.swift */,
				410AB74C2985773F001C7319 /* Event+CoreDataProperties.swift */,
			);
			path = "CoreData Models";
			sourceTree = "<group>";
		};
		41F4B9B1293BA36F009A6FD2 /* Managers */ = {
			isa = PBXGroup;
			children = (
				41F4B9B2293BA3A2009A6FD2 /* CoreDataManager.swift */,
				41F4B9B9293BB256009A6FD2 /* CalendarManager.swift */,
				4198A32A29D3632D0082A960 /* SharedDefaults.swift */,
			);
			path = Managers;
			sourceTree = "<group>";
		};
		41F4B9B4293BA3EB009A6FD2 /* Helpers */ = {
			isa = PBXGroup;
			children = (
				41F4B9B5293BA401009A6FD2 /* Helpers.swift */,
				41A540A62974EDB8005CE9CC /* SpinnerViewController.swift */,
			);
			path = Helpers;
			sourceTree = "<group>";
		};
		41F4B9BB293BF69D009A6FD2 /* CalendarVC */ = {
			isa = PBXGroup;
			children = (
				41CD6D57293B99DD009012DF /* CalendarViewController.swift */,
				41F4B9BC293BF6C9009A6FD2 /* CalendarVC+Extensions.swift */,
				4194028A294F6005007F6624 /* CalendarVC+BOButtonCreation.swift */,
				41D24D1529733A9200AD78F5 /* CalendarVC+TabBars.swift */,
				41E7C06A29CA71410094F536 /* CalendarVC+NavigationBar.swift */,
				4164EB0C29DC648E00F09EB4 /* CalendarVC+BlockAlls.swift */,
			);
			path = CalendarVC;
			sourceTree = "<group>";
		};
/* End PBXGroup section */

/* Begin PBXNativeTarget section */
		41CD6D4F293B99DD009012DF /* blockOffV4 */ = {
			isa = PBXNativeTarget;
			buildConfigurationList = 41CD6D64293B99DE009012DF /* Build configuration list for PBXNativeTarget "blockOffV4" */;
			buildPhases = (
				41CD6D4C293B99DD009012DF /* Sources */,
				41CD6D4D293B99DD009012DF /* Frameworks */,
				41CD6D4E293B99DD009012DF /* Resources */,
				4198A30729D0E5030082A960 /* Embed Foundation Extensions */,
			);
			buildRules = (
			);
			dependencies = (
			);
			name = blockOffV4;
			packageProductDependencies = (
				41F4B99B293B9CA0009A6FD2 /* CalendarKit */,
				41B8080829E9D7EC005DEAB7 /* RevenueCat */,
			);
			productName = blockOffV4;
			productReference = 41CD6D50293B99DD009012DF /* blockOffV4.app */;
			productType = "com.apple.product-type.application";
		};
/* End PBXNativeTarget section */

/* Begin PBXProject section */
		41CD6D48293B99DD009012DF /* Project object */ = {
			isa = PBXProject;
			attributes = {
				BuildIndependentTargetsInParallel = 1;
				LastSwiftUpdateCheck = 1420;
				LastUpgradeCheck = 1410;
				TargetAttributes = {
					41CD6D4F293B99DD009012DF = {
						CreatedOnToolsVersion = 14.1;
					};
				};
			};
			buildConfigurationList = 41CD6D4B293B99DD009012DF /* Build configuration list for PBXProject "blockOffV4" */;
			compatibilityVersion = "Xcode 14.0";
			developmentRegion = en;
			hasScannedForEncodings = 0;
			knownRegions = (
				en,
				Base,
			);
			mainGroup = 41CD6D47293B99DD009012DF;
			packageReferences = (
				41F4B99A293B9CA0009A6FD2 /* XCRemoteSwiftPackageReference "CalendarKit" */,
				41B8080729E9D7EC005DEAB7 /* XCRemoteSwiftPackageReference "purchases-ios" */,
			);
			productRefGroup = 41CD6D51293B99DD009012DF /* Products */;
			projectDirPath = "";
			projectRoot = "";
			targets = (
				41CD6D4F293B99DD009012DF /* blockOffV4 */,
			);
		};
/* End PBXProject section */

/* Begin PBXResourcesBuildPhase section */
		41CD6D4E293B99DD009012DF /* Resources */ = {
			isa = PBXResourcesBuildPhase;
			buildActionMask = 2147483647;
			files = (
				41CD6D60293B99DE009012DF /* LaunchScreen.storyboard in Resources */,
				41CD6D5D293B99DE009012DF /* Assets.xcassets in Resources */,
			);
			runOnlyForDeploymentPostprocessing = 0;
		};
/* End PBXResourcesBuildPhase section */

/* Begin PBXSourcesBuildPhase section */
		41CD6D4C293B99DD009012DF /* Sources */ = {
			isa = PBXSourcesBuildPhase;
			buildActionMask = 2147483647;
			files = (
				41D24D1629733A9200AD78F5 /* CalendarVC+TabBars.swift in Sources */,
				41A540AE2975ACCC005CE9CC /* View+Extensions.swift in Sources */,
				4198A2EA29CFC5000082A960 /* OnboardingCreateStub.swift in Sources */,
				41D24D112972F5BE00AD78F5 /* ProfileUIView.swift in Sources */,
				41F4B9B6293BA401009A6FD2 /* Helpers.swift in Sources */,
				4198A32B29D3632D0082A960 /* SharedDefaults.swift in Sources */,
				410AB74E2985773F001C7319 /* Event+CoreDataProperties.swift in Sources */,
				4198A2EE29CFE4AD0082A960 /* OnboardingRequestPermission.swift in Sources */,
				4164EAB629DA5EF200F09EB4 /* Stub+CoreDataProperties.swift in Sources */,
				41F4B9AD293BA327009A6FD2 /* Unit+CoreDataProperties.swift in Sources */,
				4198A2EC29CFCB1F0082A960 /* OnboardingTapDemo.swift in Sources */,
				41CAAB18298766020087EB74 /* CheckViewModel.swift in Sources */,
				41E7C06929C0070D0094F536 /* EditBlockOffEventUIView.swift in Sources */,
				41CD6D58293B99DD009012DF /* CalendarViewController.swift in Sources */,
				41F4B9BA293BB256009A6FD2 /* CalendarManager.swift in Sources */,
				41D24D0B297137FB00AD78F5 /* CalendarsUIView.swift in Sources */,
				4194028B294F6005007F6624 /* CalendarVC+BOButtonCreation.swift in Sources */,
				41C337D029494DDC008F7FF2 /* UnitViewModel.swift in Sources */,
				41E7C06329BD3C810094F536 /* EditStubUIView.swift in Sources */,
				41B807F929DF9B7E005DEAB7 /* OnboardingSubscribe.swift in Sources */,
				41F4B9AE293BA327009A6FD2 /* Day+CoreDataClass.swift in Sources */,
				4164EAB529DA5EF200F09EB4 /* Stub+CoreDataClass.swift in Sources */,
				41A540A72974EDB8005CE9CC /* SpinnerViewController.swift in Sources */,
				41F4B9AC293BA327009A6FD2 /* Unit+CoreDataClass.swift in Sources */,
				41C337CE29494D73008F7FF2 /* EventViewModel.swift in Sources */,
				41A540B62975AECF005CE9CC /* StubListViewModel.swift in Sources */,
				4198A2E629CFA3110082A960 /* OnboardingSelectCalendar.swift in Sources */,
				4164EAB729DA5EF200F09EB4 /* Check+CoreDataClass.swift in Sources */,
				4164EAB829DA5EF200F09EB4 /* Check+CoreDataProperties.swift in Sources */,
				41F4B9B3293BA3A2009A6FD2 /* CoreDataManager.swift in Sources */,
				41E7C06729C006FB0094F536 /* EditBlockOffEventViewModel.swift in Sources */,
				41B807FB29E4E962005DEAB7 /* SubUnitViewModel.swift in Sources */,
				41D24D142972FF6E00AD78F5 /* MockData.swift in Sources */,
				41CD6D54293B99DD009012DF /* AppDelegate.swift in Sources */,
				41F4B9BD293BF6C9009A6FD2 /* CalendarVC+Extensions.swift in Sources */,
				41C337CC29494D16008F7FF2 /* DayViewModel.swift in Sources */,
				410AB74D2985773F001C7319 /* Event+CoreDataClass.swift in Sources */,
				41F4B9B8293BB04B009A6FD2 /* EKWrapper.swift in Sources */,
				41CAAB162985F4D00087EB74 /* ProfileViewModel.swift in Sources */,
				41DCCC7E29909BA900E12117 /* SubUnitUIView.swift in Sources */,
				41B8080D29EAC11B005DEAB7 /* OnboardingSubScribeViewModel.swift in Sources */,
				41FE258229EB5A7A0076FC1C /* RenewSubscriptionView.swift in Sources */,
				41A540B02975AD1A005CE9CC /* StubViewModel.swift in Sources */,
				41DCCC852990A03100E12117 /* RealCalendarEventUIView.swift in Sources */,
				41B807F729DF9AC5005DEAB7 /* OnboardingWelcome.swift in Sources */,
				41E7C06B29CA71410094F536 /* CalendarVC+NavigationBar.swift in Sources */,
				41A540BB2975BBDF005CE9CC /* CreateStubUIView.swift in Sources */,
				4164EB0F29DCAE2600F09EB4 /* OnboardingiCloudSignIn.swift in Sources */,
				41BDABBB2970DFDD00ABF867 /* BOTabBarController.swift in Sources */,
				41E7C06E29CD34220094F536 /* OnboardingView.swift in Sources */,
				41F4B9AF293BA327009A6FD2 /* Day+CoreDataProperties.swift in Sources */,
				41B807FD29E6494B005DEAB7 /* OnboardingWelcome_.swift in Sources */,
				41CD6D56293B99DD009012DF /* SceneDelegate.swift in Sources */,
				41A540A52973928D005CE9CC /* CalendarViewModel.swift in Sources */,
				41A540B82975B82D005CE9CC /* AddStubViewModel.swift in Sources */,
				41E7C06129BD39F00094F536 /* EditStubViewModel.swift in Sources */,
				41DCCC8229909FEF00E12117 /* BlockOffEventUIView.swift in Sources */,
				41A540BD2975BC72005CE9CC /* StubUIView.swift in Sources */,
				4198A2E829CFAB0F0082A960 /* OnBoardingSelectTimes.swift in Sources */,
				4164EAAF29DA5D8A00F09EB4 /* StubCheckDataModel.xcdatamodeld in Sources */,
				41F4B99F293B9DEA009A6FD2 /* BlockOffDataModel.xcdatamodeld in Sources */,
				4164EB0D29DC648E00F09EB4 /* CalendarVC+BlockAlls.swift in Sources */,
			);
			runOnlyForDeploymentPostprocessing = 0;
		};
/* End PBXSourcesBuildPhase section */

/* Begin PBXVariantGroup section */
		41CD6D5E293B99DE009012DF /* LaunchScreen.storyboard */ = {
			isa = PBXVariantGroup;
			children = (
				41CD6D5F293B99DE009012DF /* Base */,
			);
			name = LaunchScreen.storyboard;
			sourceTree = "<group>";
		};
/* End PBXVariantGroup section */

/* Begin XCBuildConfiguration section */
		41CD6D62293B99DE009012DF /* Debug */ = {
			isa = XCBuildConfiguration;
			buildSettings = {
				ALWAYS_SEARCH_USER_PATHS = NO;
				CLANG_ANALYZER_NONNULL = YES;
				CLANG_ANALYZER_NUMBER_OBJECT_CONVERSION = YES_AGGRESSIVE;
				CLANG_CXX_LANGUAGE_STANDARD = "gnu++20";
				CLANG_ENABLE_MODULES = YES;
				CLANG_ENABLE_OBJC_ARC = YES;
				CLANG_ENABLE_OBJC_WEAK = YES;
				CLANG_WARN_BLOCK_CAPTURE_AUTORELEASING = YES;
				CLANG_WARN_BOOL_CONVERSION = YES;
				CLANG_WARN_COMMA = YES;
				CLANG_WARN_CONSTANT_CONVERSION = YES;
				CLANG_WARN_DEPRECATED_OBJC_IMPLEMENTATIONS = YES;
				CLANG_WARN_DIRECT_OBJC_ISA_USAGE = YES_ERROR;
				CLANG_WARN_DOCUMENTATION_COMMENTS = YES;
				CLANG_WARN_EMPTY_BODY = YES;
				CLANG_WARN_ENUM_CONVERSION = YES;
				CLANG_WARN_INFINITE_RECURSION = YES;
				CLANG_WARN_INT_CONVERSION = YES;
				CLANG_WARN_NON_LITERAL_NULL_CONVERSION = YES;
				CLANG_WARN_OBJC_IMPLICIT_RETAIN_SELF = YES;
				CLANG_WARN_OBJC_LITERAL_CONVERSION = YES;
				CLANG_WARN_OBJC_ROOT_CLASS = YES_ERROR;
				CLANG_WARN_QUOTED_INCLUDE_IN_FRAMEWORK_HEADER = YES;
				CLANG_WARN_RANGE_LOOP_ANALYSIS = YES;
				CLANG_WARN_STRICT_PROTOTYPES = YES;
				CLANG_WARN_SUSPICIOUS_MOVE = YES;
				CLANG_WARN_UNGUARDED_AVAILABILITY = YES_AGGRESSIVE;
				CLANG_WARN_UNREACHABLE_CODE = YES;
				CLANG_WARN__DUPLICATE_METHOD_MATCH = YES;
				COPY_PHASE_STRIP = NO;
				DEBUG_INFORMATION_FORMAT = dwarf;
				ENABLE_STRICT_OBJC_MSGSEND = YES;
				ENABLE_TESTABILITY = YES;
				GCC_C_LANGUAGE_STANDARD = gnu11;
				GCC_DYNAMIC_NO_PIC = NO;
				GCC_NO_COMMON_BLOCKS = YES;
				GCC_OPTIMIZATION_LEVEL = 0;
				GCC_PREPROCESSOR_DEFINITIONS = (
					"DEBUG=1",
					"$(inherited)",
				);
				GCC_WARN_64_TO_32_BIT_CONVERSION = YES;
				GCC_WARN_ABOUT_RETURN_TYPE = YES_ERROR;
				GCC_WARN_UNDECLARED_SELECTOR = YES;
				GCC_WARN_UNINITIALIZED_AUTOS = YES_AGGRESSIVE;
				GCC_WARN_UNUSED_FUNCTION = YES;
				GCC_WARN_UNUSED_VARIABLE = YES;
				IPHONEOS_DEPLOYMENT_TARGET = 16.1;
				MTL_ENABLE_DEBUG_INFO = INCLUDE_SOURCE;
				MTL_FAST_MATH = YES;
				ONLY_ACTIVE_ARCH = YES;
				SDKROOT = iphoneos;
				SWIFT_ACTIVE_COMPILATION_CONDITIONS = DEBUG;
				SWIFT_OPTIMIZATION_LEVEL = "-Onone";
			};
			name = Debug;
		};
		41CD6D63293B99DE009012DF /* Release */ = {
			isa = XCBuildConfiguration;
			buildSettings = {
				ALWAYS_SEARCH_USER_PATHS = NO;
				CLANG_ANALYZER_NONNULL = YES;
				CLANG_ANALYZER_NUMBER_OBJECT_CONVERSION = YES_AGGRESSIVE;
				CLANG_CXX_LANGUAGE_STANDARD = "gnu++20";
				CLANG_ENABLE_MODULES = YES;
				CLANG_ENABLE_OBJC_ARC = YES;
				CLANG_ENABLE_OBJC_WEAK = YES;
				CLANG_WARN_BLOCK_CAPTURE_AUTORELEASING = YES;
				CLANG_WARN_BOOL_CONVERSION = YES;
				CLANG_WARN_COMMA = YES;
				CLANG_WARN_CONSTANT_CONVERSION = YES;
				CLANG_WARN_DEPRECATED_OBJC_IMPLEMENTATIONS = YES;
				CLANG_WARN_DIRECT_OBJC_ISA_USAGE = YES_ERROR;
				CLANG_WARN_DOCUMENTATION_COMMENTS = YES;
				CLANG_WARN_EMPTY_BODY = YES;
				CLANG_WARN_ENUM_CONVERSION = YES;
				CLANG_WARN_INFINITE_RECURSION = YES;
				CLANG_WARN_INT_CONVERSION = YES;
				CLANG_WARN_NON_LITERAL_NULL_CONVERSION = YES;
				CLANG_WARN_OBJC_IMPLICIT_RETAIN_SELF = YES;
				CLANG_WARN_OBJC_LITERAL_CONVERSION = YES;
				CLANG_WARN_OBJC_ROOT_CLASS = YES_ERROR;
				CLANG_WARN_QUOTED_INCLUDE_IN_FRAMEWORK_HEADER = YES;
				CLANG_WARN_RANGE_LOOP_ANALYSIS = YES;
				CLANG_WARN_STRICT_PROTOTYPES = YES;
				CLANG_WARN_SUSPICIOUS_MOVE = YES;
				CLANG_WARN_UNGUARDED_AVAILABILITY = YES_AGGRESSIVE;
				CLANG_WARN_UNREACHABLE_CODE = YES;
				CLANG_WARN__DUPLICATE_METHOD_MATCH = YES;
				COPY_PHASE_STRIP = NO;
				DEBUG_INFORMATION_FORMAT = "dwarf-with-dsym";
				ENABLE_NS_ASSERTIONS = NO;
				ENABLE_STRICT_OBJC_MSGSEND = YES;
				GCC_C_LANGUAGE_STANDARD = gnu11;
				GCC_NO_COMMON_BLOCKS = YES;
				GCC_WARN_64_TO_32_BIT_CONVERSION = YES;
				GCC_WARN_ABOUT_RETURN_TYPE = YES_ERROR;
				GCC_WARN_UNDECLARED_SELECTOR = YES;
				GCC_WARN_UNINITIALIZED_AUTOS = YES_AGGRESSIVE;
				GCC_WARN_UNUSED_FUNCTION = YES;
				GCC_WARN_UNUSED_VARIABLE = YES;
				IPHONEOS_DEPLOYMENT_TARGET = 16.1;
				MTL_ENABLE_DEBUG_INFO = NO;
				MTL_FAST_MATH = YES;
				SDKROOT = iphoneos;
				SWIFT_COMPILATION_MODE = wholemodule;
				SWIFT_OPTIMIZATION_LEVEL = "-O";
				VALIDATE_PRODUCT = YES;
			};
			name = Release;
		};
		41CD6D65293B99DE009012DF /* Debug */ = {
			isa = XCBuildConfiguration;
			buildSettings = {
				ASSETCATALOG_COMPILER_APPICON_NAME = AppIcon;
				ASSETCATALOG_COMPILER_GLOBAL_ACCENT_COLOR_NAME = AccentColor;
				CODE_SIGN_ENTITLEMENTS = blockOffV4/blockOffV4.entitlements;
				CODE_SIGN_STYLE = Automatic;
				CURRENT_PROJECT_VERSION = 1.2;
				DEVELOPMENT_TEAM = 947MDTH7AR;
				GENERATE_INFOPLIST_FILE = YES;
				INFOPLIST_FILE = blockOffV4/Info.plist;
				INFOPLIST_KEY_CFBundleDisplayName = BlockOff;
				INFOPLIST_KEY_LSApplicationCategoryType = "public.app-category.healthcare-fitness";
				INFOPLIST_KEY_NSCalendarsUsageDescription = "Activate calendar defense system. BlockOff requires access to your calendars in order to create, delete, and edit events. It also stores some calendar data in iCloud to ensure a seamless experience across your iOS devices.";
				INFOPLIST_KEY_UIApplicationSupportsIndirectInputEvents = YES;
				INFOPLIST_KEY_UILaunchStoryboardName = LaunchScreen;
				INFOPLIST_KEY_UISupportedInterfaceOrientations_iPad = "UIInterfaceOrientationPortrait UIInterfaceOrientationPortraitUpsideDown UIInterfaceOrientationLandscapeLeft UIInterfaceOrientationLandscapeRight";
				INFOPLIST_KEY_UISupportedInterfaceOrientations_iPhone = "UIInterfaceOrientationPortrait UIInterfaceOrientationLandscapeLeft UIInterfaceOrientationLandscapeRight";
				LD_RUNPATH_SEARCH_PATHS = (
					"$(inherited)",
					"@executable_path/Frameworks",
				);
				MARKETING_VERSION = 1.0;
				PRODUCT_BUNDLE_IDENTIFIER = com.FrankfurtIndustries.blockOffV5;
				PRODUCT_NAME = "$(TARGET_NAME)";
				SWIFT_EMIT_LOC_STRINGS = YES;
				SWIFT_VERSION = 5.0;
				TARGETED_DEVICE_FAMILY = "1,2";
			};
			name = Debug;
		};
		41CD6D66293B99DE009012DF /* Release */ = {
			isa = XCBuildConfiguration;
			buildSettings = {
				ASSETCATALOG_COMPILER_APPICON_NAME = AppIcon;
				ASSETCATALOG_COMPILER_GLOBAL_ACCENT_COLOR_NAME = AccentColor;
				CODE_SIGN_ENTITLEMENTS = blockOffV4/blockOffV4.entitlements;
				CODE_SIGN_STYLE = Automatic;
				CURRENT_PROJECT_VERSION = 1.2;
				DEVELOPMENT_TEAM = 947MDTH7AR;
				GENERATE_INFOPLIST_FILE = YES;
				INFOPLIST_FILE = blockOffV4/Info.plist;
				INFOPLIST_KEY_CFBundleDisplayName = BlockOff;
				INFOPLIST_KEY_LSApplicationCategoryType = "public.app-category.healthcare-fitness";
				INFOPLIST_KEY_NSCalendarsUsageDescription = "Activate calendar defense system. BlockOff requires access to your calendars in order to create, delete, and edit events. It also stores some calendar data in iCloud to ensure a seamless experience across your iOS devices.";
				INFOPLIST_KEY_UIApplicationSupportsIndirectInputEvents = YES;
				INFOPLIST_KEY_UILaunchStoryboardName = LaunchScreen;
				INFOPLIST_KEY_UISupportedInterfaceOrientations_iPad = "UIInterfaceOrientationPortrait UIInterfaceOrientationPortraitUpsideDown UIInterfaceOrientationLandscapeLeft UIInterfaceOrientationLandscapeRight";
				INFOPLIST_KEY_UISupportedInterfaceOrientations_iPhone = "UIInterfaceOrientationPortrait UIInterfaceOrientationLandscapeLeft UIInterfaceOrientationLandscapeRight";
				LD_RUNPATH_SEARCH_PATHS = (
					"$(inherited)",
					"@executable_path/Frameworks",
				);
				MARKETING_VERSION = 1.0;
				PRODUCT_BUNDLE_IDENTIFIER = com.FrankfurtIndustries.blockOffV5;
				PRODUCT_NAME = "$(TARGET_NAME)";
				SWIFT_EMIT_LOC_STRINGS = YES;
				SWIFT_VERSION = 5.0;
				TARGETED_DEVICE_FAMILY = "1,2";
			};
			name = Release;
		};
/* End XCBuildConfiguration section */

/* Begin XCConfigurationList section */
		41CD6D4B293B99DD009012DF /* Build configuration list for PBXProject "blockOffV4" */ = {
			isa = XCConfigurationList;
			buildConfigurations = (
				41CD6D62293B99DE009012DF /* Debug */,
				41CD6D63293B99DE009012DF /* Release */,
			);
			defaultConfigurationIsVisible = 0;
			defaultConfigurationName = Release;
		};
		41CD6D64293B99DE009012DF /* Build configuration list for PBXNativeTarget "blockOffV4" */ = {
			isa = XCConfigurationList;
			buildConfigurations = (
				41CD6D65293B99DE009012DF /* Debug */,
				41CD6D66293B99DE009012DF /* Release */,
			);
			defaultConfigurationIsVisible = 0;
			defaultConfigurationName = Release;
		};
/* End XCConfigurationList section */

/* Begin XCRemoteSwiftPackageReference section */
		41B8080729E9D7EC005DEAB7 /* XCRemoteSwiftPackageReference "purchases-ios" */ = {
			isa = XCRemoteSwiftPackageReference;
			repositoryURL = "https://github.com/RevenueCat/purchases-ios.git";
			requirement = {
				kind = upToNextMajorVersion;
				minimumVersion = 4.0.0;
			};
		};
		41F4B99A293B9CA0009A6FD2 /* XCRemoteSwiftPackageReference "CalendarKit" */ = {
			isa = XCRemoteSwiftPackageReference;
			repositoryURL = "https://github.com/richardtop/CalendarKit.git";
			requirement = {
				branch = master;
				kind = branch;
			};
		};
/* End XCRemoteSwiftPackageReference section */

/* Begin XCSwiftPackageProductDependency section */
		41B8080829E9D7EC005DEAB7 /* RevenueCat */ = {
			isa = XCSwiftPackageProductDependency;
			package = 41B8080729E9D7EC005DEAB7 /* XCRemoteSwiftPackageReference "purchases-ios" */;
			productName = RevenueCat;
		};
		41F4B99B293B9CA0009A6FD2 /* CalendarKit */ = {
			isa = XCSwiftPackageProductDependency;
			package = 41F4B99A293B9CA0009A6FD2 /* XCRemoteSwiftPackageReference "CalendarKit" */;
			productName = CalendarKit;
		};
/* End XCSwiftPackageProductDependency section */

/* Begin XCVersionGroup section */
		4164EAAD29DA5D8A00F09EB4 /* StubCheckDataModel.xcdatamodeld */ = {
			isa = XCVersionGroup;
			children = (
				4164EAAE29DA5D8A00F09EB4 /* StubCheckDataModel.xcdatamodel */,
			);
			currentVersion = 4164EAAE29DA5D8A00F09EB4 /* StubCheckDataModel.xcdatamodel */;
			path = StubCheckDataModel.xcdatamodeld;
			sourceTree = "<group>";
			versionGroupType = wrapper.xcdatamodel;
		};
		41F4B99D293B9DEA009A6FD2 /* BlockOffDataModel.xcdatamodeld */ = {
			isa = XCVersionGroup;
			children = (
				41F4B99E293B9DEA009A6FD2 /* BlockOffDataModel.xcdatamodel */,
			);
			currentVersion = 41F4B99E293B9DEA009A6FD2 /* BlockOffDataModel.xcdatamodel */;
			path = BlockOffDataModel.xcdatamodeld;
			sourceTree = "<group>";
			versionGroupType = wrapper.xcdatamodel;
		};
/* End XCVersionGroup section */
	};
	rootObject = 41CD6D48293B99DD009012DF /* Project object */;
}
