// !$*UTF8*$!
{
	archiveVersion = 1;
	classes = {
	};
	objectVersion = 56;
	objects = {

/* Begin PBXBuildFile section */
		4194028B294F6005007F6624 /* CalendarVC+BOButtonCreation.swift in Sources */ = {isa = PBXBuildFile; fileRef = 4194028A294F6005007F6624 /* CalendarVC+BOButtonCreation.swift */; };
		41BDABBB2970DFDD00ABF867 /* BOTabBarController.swift in Sources */ = {isa = PBXBuildFile; fileRef = 41BDABBA2970DFDD00ABF867 /* BOTabBarController.swift */; };
		41C337CC29494D16008F7FF2 /* DayViewModel.swift in Sources */ = {isa = PBXBuildFile; fileRef = 41C337CB29494D16008F7FF2 /* DayViewModel.swift */; };
		41C337CE29494D73008F7FF2 /* EventViewModel.swift in Sources */ = {isa = PBXBuildFile; fileRef = 41C337CD29494D73008F7FF2 /* EventViewModel.swift */; };
		41C337D029494DDC008F7FF2 /* UnitViewModel.swift in Sources */ = {isa = PBXBuildFile; fileRef = 41C337CF29494DDC008F7FF2 /* UnitViewModel.swift */; };
		41CD6D54293B99DD009012DF /* AppDelegate.swift in Sources */ = {isa = PBXBuildFile; fileRef = 41CD6D53293B99DD009012DF /* AppDelegate.swift */; };
		41CD6D56293B99DD009012DF /* SceneDelegate.swift in Sources */ = {isa = PBXBuildFile; fileRef = 41CD6D55293B99DD009012DF /* SceneDelegate.swift */; };
		41CD6D58293B99DD009012DF /* CalendarViewController.swift in Sources */ = {isa = PBXBuildFile; fileRef = 41CD6D57293B99DD009012DF /* CalendarViewController.swift */; };
		41CD6D5D293B99DE009012DF /* Assets.xcassets in Resources */ = {isa = PBXBuildFile; fileRef = 41CD6D5C293B99DE009012DF /* Assets.xcassets */; };
		41CD6D60293B99DE009012DF /* LaunchScreen.storyboard in Resources */ = {isa = PBXBuildFile; fileRef = 41CD6D5E293B99DE009012DF /* LaunchScreen.storyboard */; };
		41D24D0929712E7200AD78F5 /* CalendarsViewController.swift in Sources */ = {isa = PBXBuildFile; fileRef = 41D24D0829712E7200AD78F5 /* CalendarsViewController.swift */; };
		41D24D0B297137FB00AD78F5 /* CalendarsUIView.swift in Sources */ = {isa = PBXBuildFile; fileRef = 41D24D0A297137FB00AD78F5 /* CalendarsUIView.swift */; };
		41F4B99C293B9CA0009A6FD2 /* CalendarKit in Frameworks */ = {isa = PBXBuildFile; productRef = 41F4B99B293B9CA0009A6FD2 /* CalendarKit */; };
		41F4B99F293B9DEA009A6FD2 /* BlockOffDataModel.xcdatamodeld in Sources */ = {isa = PBXBuildFile; fileRef = 41F4B99D293B9DEA009A6FD2 /* BlockOffDataModel.xcdatamodeld */; };
		41F4B9A8293BA327009A6FD2 /* Event+CoreDataClass.swift in Sources */ = {isa = PBXBuildFile; fileRef = 41F4B9A0293BA327009A6FD2 /* Event+CoreDataClass.swift */; };
		41F4B9A9293BA327009A6FD2 /* Event+CoreDataProperties.swift in Sources */ = {isa = PBXBuildFile; fileRef = 41F4B9A1293BA327009A6FD2 /* Event+CoreDataProperties.swift */; };
		41F4B9AA293BA327009A6FD2 /* Check+CoreDataClass.swift in Sources */ = {isa = PBXBuildFile; fileRef = 41F4B9A2293BA327009A6FD2 /* Check+CoreDataClass.swift */; };
		41F4B9AB293BA327009A6FD2 /* Check+CoreDataProperties.swift in Sources */ = {isa = PBXBuildFile; fileRef = 41F4B9A3293BA327009A6FD2 /* Check+CoreDataProperties.swift */; };
		41F4B9AC293BA327009A6FD2 /* Unit+CoreDataClass.swift in Sources */ = {isa = PBXBuildFile; fileRef = 41F4B9A4293BA327009A6FD2 /* Unit+CoreDataClass.swift */; };
		41F4B9AD293BA327009A6FD2 /* Unit+CoreDataProperties.swift in Sources */ = {isa = PBXBuildFile; fileRef = 41F4B9A5293BA327009A6FD2 /* Unit+CoreDataProperties.swift */; };
		41F4B9AE293BA327009A6FD2 /* Day+CoreDataClass.swift in Sources */ = {isa = PBXBuildFile; fileRef = 41F4B9A6293BA327009A6FD2 /* Day+CoreDataClass.swift */; };
		41F4B9AF293BA327009A6FD2 /* Day+CoreDataProperties.swift in Sources */ = {isa = PBXBuildFile; fileRef = 41F4B9A7293BA327009A6FD2 /* Day+CoreDataProperties.swift */; };
		41F4B9B3293BA3A2009A6FD2 /* CoreDataManager.swift in Sources */ = {isa = PBXBuildFile; fileRef = 41F4B9B2293BA3A2009A6FD2 /* CoreDataManager.swift */; };
		41F4B9B6293BA401009A6FD2 /* Helpers.swift in Sources */ = {isa = PBXBuildFile; fileRef = 41F4B9B5293BA401009A6FD2 /* Helpers.swift */; };
		41F4B9B8293BB04B009A6FD2 /* EKWrapper.swift in Sources */ = {isa = PBXBuildFile; fileRef = 41F4B9B7293BB04B009A6FD2 /* EKWrapper.swift */; };
		41F4B9BA293BB256009A6FD2 /* CalendarManager.swift in Sources */ = {isa = PBXBuildFile; fileRef = 41F4B9B9293BB256009A6FD2 /* CalendarManager.swift */; };
		41F4B9BD293BF6C9009A6FD2 /* CalendarVC+Extensions.swift in Sources */ = {isa = PBXBuildFile; fileRef = 41F4B9BC293BF6C9009A6FD2 /* CalendarVC+Extensions.swift */; };
/* End PBXBuildFile section */

/* Begin PBXFileReference section */
		4194028A294F6005007F6624 /* CalendarVC+BOButtonCreation.swift */ = {isa = PBXFileReference; lastKnownFileType = sourcecode.swift; path = "CalendarVC+BOButtonCreation.swift"; sourceTree = "<group>"; };
		41BDABBA2970DFDD00ABF867 /* BOTabBarController.swift */ = {isa = PBXFileReference; lastKnownFileType = sourcecode.swift; path = BOTabBarController.swift; sourceTree = "<group>"; };
		41C337CB29494D16008F7FF2 /* DayViewModel.swift */ = {isa = PBXFileReference; lastKnownFileType = sourcecode.swift; path = DayViewModel.swift; sourceTree = "<group>"; };
		41C337CD29494D73008F7FF2 /* EventViewModel.swift */ = {isa = PBXFileReference; lastKnownFileType = sourcecode.swift; path = EventViewModel.swift; sourceTree = "<group>"; };
		41C337CF29494DDC008F7FF2 /* UnitViewModel.swift */ = {isa = PBXFileReference; lastKnownFileType = sourcecode.swift; path = UnitViewModel.swift; sourceTree = "<group>"; };
		41CD6D50293B99DD009012DF /* blockOffV4.app */ = {isa = PBXFileReference; explicitFileType = wrapper.application; includeInIndex = 0; path = blockOffV4.app; sourceTree = BUILT_PRODUCTS_DIR; };
		41CD6D53293B99DD009012DF /* AppDelegate.swift */ = {isa = PBXFileReference; lastKnownFileType = sourcecode.swift; path = AppDelegate.swift; sourceTree = "<group>"; };
		41CD6D55293B99DD009012DF /* SceneDelegate.swift */ = {isa = PBXFileReference; lastKnownFileType = sourcecode.swift; path = SceneDelegate.swift; sourceTree = "<group>"; };
		41CD6D57293B99DD009012DF /* CalendarViewController.swift */ = {isa = PBXFileReference; lastKnownFileType = sourcecode.swift; path = CalendarViewController.swift; sourceTree = "<group>"; };
		41CD6D5C293B99DE009012DF /* Assets.xcassets */ = {isa = PBXFileReference; lastKnownFileType = folder.assetcatalog; path = Assets.xcassets; sourceTree = "<group>"; };
		41CD6D5F293B99DE009012DF /* Base */ = {isa = PBXFileReference; lastKnownFileType = file.storyboard; name = Base; path = Base.lproj/LaunchScreen.storyboard; sourceTree = "<group>"; };
		41CD6D61293B99DE009012DF /* Info.plist */ = {isa = PBXFileReference; lastKnownFileType = text.plist.xml; path = Info.plist; sourceTree = "<group>"; };
		41D24D0829712E7200AD78F5 /* CalendarsViewController.swift */ = {isa = PBXFileReference; lastKnownFileType = sourcecode.swift; path = CalendarsViewController.swift; sourceTree = "<group>"; };
		41D24D0A297137FB00AD78F5 /* CalendarsUIView.swift */ = {isa = PBXFileReference; lastKnownFileType = sourcecode.swift; path = CalendarsUIView.swift; sourceTree = "<group>"; };
		41F4B99E293B9DEA009A6FD2 /* BlockOffDataModel.xcdatamodel */ = {isa = PBXFileReference; lastKnownFileType = wrapper.xcdatamodel; path = BlockOffDataModel.xcdatamodel; sourceTree = "<group>"; };
		41F4B9A0293BA327009A6FD2 /* Event+CoreDataClass.swift */ = {isa = PBXFileReference; lastKnownFileType = sourcecode.swift; path = "Event+CoreDataClass.swift"; sourceTree = "<group>"; };
		41F4B9A1293BA327009A6FD2 /* Event+CoreDataProperties.swift */ = {isa = PBXFileReference; lastKnownFileType = sourcecode.swift; path = "Event+CoreDataProperties.swift"; sourceTree = "<group>"; };
		41F4B9A2293BA327009A6FD2 /* Check+CoreDataClass.swift */ = {isa = PBXFileReference; lastKnownFileType = sourcecode.swift; path = "Check+CoreDataClass.swift"; sourceTree = "<group>"; };
		41F4B9A3293BA327009A6FD2 /* Check+CoreDataProperties.swift */ = {isa = PBXFileReference; lastKnownFileType = sourcecode.swift; path = "Check+CoreDataProperties.swift"; sourceTree = "<group>"; };
		41F4B9A4293BA327009A6FD2 /* Unit+CoreDataClass.swift */ = {isa = PBXFileReference; lastKnownFileType = sourcecode.swift; path = "Unit+CoreDataClass.swift"; sourceTree = "<group>"; };
		41F4B9A5293BA327009A6FD2 /* Unit+CoreDataProperties.swift */ = {isa = PBXFileReference; lastKnownFileType = sourcecode.swift; path = "Unit+CoreDataProperties.swift"; sourceTree = "<group>"; };
		41F4B9A6293BA327009A6FD2 /* Day+CoreDataClass.swift */ = {isa = PBXFileReference; lastKnownFileType = sourcecode.swift; path = "Day+CoreDataClass.swift"; sourceTree = "<group>"; };
		41F4B9A7293BA327009A6FD2 /* Day+CoreDataProperties.swift */ = {isa = PBXFileReference; lastKnownFileType = sourcecode.swift; path = "Day+CoreDataProperties.swift"; sourceTree = "<group>"; };
		41F4B9B2293BA3A2009A6FD2 /* CoreDataManager.swift */ = {isa = PBXFileReference; lastKnownFileType = sourcecode.swift; path = CoreDataManager.swift; sourceTree = "<group>"; };
		41F4B9B5293BA401009A6FD2 /* Helpers.swift */ = {isa = PBXFileReference; lastKnownFileType = sourcecode.swift; path = Helpers.swift; sourceTree = "<group>"; };
		41F4B9B7293BB04B009A6FD2 /* EKWrapper.swift */ = {isa = PBXFileReference; lastKnownFileType = sourcecode.swift; path = EKWrapper.swift; sourceTree = "<group>"; };
		41F4B9B9293BB256009A6FD2 /* CalendarManager.swift */ = {isa = PBXFileReference; lastKnownFileType = sourcecode.swift; path = CalendarManager.swift; sourceTree = "<group>"; };
		41F4B9BC293BF6C9009A6FD2 /* CalendarVC+Extensions.swift */ = {isa = PBXFileReference; lastKnownFileType = sourcecode.swift; path = "CalendarVC+Extensions.swift"; sourceTree = "<group>"; };
/* End PBXFileReference section */

/* Begin PBXFrameworksBuildPhase section */
		41CD6D4D293B99DD009012DF /* Frameworks */ = {
			isa = PBXFrameworksBuildPhase;
			buildActionMask = 2147483647;
			files = (
				41F4B99C293B9CA0009A6FD2 /* CalendarKit in Frameworks */,
			);
			runOnlyForDeploymentPostprocessing = 0;
		};
/* End PBXFrameworksBuildPhase section */

/* Begin PBXGroup section */
		41BDABB92970DFAD00ABF867 /* Tab Bar */ = {
			isa = PBXGroup;
			children = (
				41BDABBA2970DFDD00ABF867 /* BOTabBarController.swift */,
			);
			path = "Tab Bar";
			sourceTree = "<group>";
		};
		41C337CA29494CEA008F7FF2 /* View Models */ = {
			isa = PBXGroup;
			children = (
				41C337CB29494D16008F7FF2 /* DayViewModel.swift */,
				41C337CD29494D73008F7FF2 /* EventViewModel.swift */,
				41C337CF29494DDC008F7FF2 /* UnitViewModel.swift */,
			);
			path = "View Models";
			sourceTree = "<group>";
		};
		41CD6D47293B99DD009012DF = {
			isa = PBXGroup;
			children = (
				41CD6D52293B99DD009012DF /* blockOffV4 */,
				41CD6D51293B99DD009012DF /* Products */,
			);
			sourceTree = "<group>";
		};
		41CD6D51293B99DD009012DF /* Products */ = {
			isa = PBXGroup;
			children = (
				41CD6D50293B99DD009012DF /* blockOffV4.app */,
			);
			name = Products;
			sourceTree = "<group>";
		};
		41CD6D52293B99DD009012DF /* blockOffV4 */ = {
			isa = PBXGroup;
			children = (
				41BDABB92970DFAD00ABF867 /* Tab Bar */,
				41F4B9B4293BA3EB009A6FD2 /* Helpers */,
				41F4B9B0293BA32C009A6FD2 /* Models */,
				41C337CA29494CEA008F7FF2 /* View Models */,
				41F4B9B1293BA36F009A6FD2 /* CoreData Stack */,
				41F4B9BB293BF69D009A6FD2 /* CalendarViewController */,
				41D24D0729712E2100AD78F5 /* CalendarsVC */,
				41CD6D53293B99DD009012DF /* AppDelegate.swift */,
				41CD6D55293B99DD009012DF /* SceneDelegate.swift */,
				41CD6D5C293B99DE009012DF /* Assets.xcassets */,
				41CD6D5E293B99DE009012DF /* LaunchScreen.storyboard */,
				41CD6D61293B99DE009012DF /* Info.plist */,
				41F4B99D293B9DEA009A6FD2 /* BlockOffDataModel.xcdatamodeld */,
			);
			path = blockOffV4;
			sourceTree = "<group>";
		};
		41D24D0729712E2100AD78F5 /* CalendarsVC */ = {
			isa = PBXGroup;
			children = (
				41D24D0829712E7200AD78F5 /* CalendarsViewController.swift */,
				41D24D0A297137FB00AD78F5 /* CalendarsUIView.swift */,
			);
			path = CalendarsVC;
			sourceTree = "<group>";
		};
		41F4B9B0293BA32C009A6FD2 /* Models */ = {
			isa = PBXGroup;
			children = (
				41F4B9B7293BB04B009A6FD2 /* EKWrapper.swift */,
				41F4B9A2293BA327009A6FD2 /* Check+CoreDataClass.swift */,
				41F4B9A3293BA327009A6FD2 /* Check+CoreDataProperties.swift */,
				41F4B9A6293BA327009A6FD2 /* Day+CoreDataClass.swift */,
				41F4B9A7293BA327009A6FD2 /* Day+CoreDataProperties.swift */,
				41F4B9A4293BA327009A6FD2 /* Unit+CoreDataClass.swift */,
				41F4B9A5293BA327009A6FD2 /* Unit+CoreDataProperties.swift */,
				41F4B9A0293BA327009A6FD2 /* Event+CoreDataClass.swift */,
				41F4B9A1293BA327009A6FD2 /* Event+CoreDataProperties.swift */,
			);
			path = Models;
			sourceTree = "<group>";
		};
		41F4B9B1293BA36F009A6FD2 /* CoreData Stack */ = {
			isa = PBXGroup;
			children = (
				41F4B9B2293BA3A2009A6FD2 /* CoreDataManager.swift */,
				41F4B9B9293BB256009A6FD2 /* CalendarManager.swift */,
			);
			path = "CoreData Stack";
			sourceTree = "<group>";
		};
		41F4B9B4293BA3EB009A6FD2 /* Helpers */ = {
			isa = PBXGroup;
			children = (
				41F4B9B5293BA401009A6FD2 /* Helpers.swift */,
			);
			path = Helpers;
			sourceTree = "<group>";
		};
		41F4B9BB293BF69D009A6FD2 /* CalendarViewController */ = {
			isa = PBXGroup;
			children = (
				41CD6D57293B99DD009012DF /* CalendarViewController.swift */,
				41F4B9BC293BF6C9009A6FD2 /* CalendarVC+Extensions.swift */,
				4194028A294F6005007F6624 /* CalendarVC+BOButtonCreation.swift */,
			);
			path = CalendarViewController;
			sourceTree = "<group>";
		};
/* End PBXGroup section */

/* Begin PBXNativeTarget section */
		41CD6D4F293B99DD009012DF /* blockOffV4 */ = {
			isa = PBXNativeTarget;
			buildConfigurationList = 41CD6D64293B99DE009012DF /* Build configuration list for PBXNativeTarget "blockOffV4" */;
			buildPhases = (
				41CD6D4C293B99DD009012DF /* Sources */,
				41CD6D4D293B99DD009012DF /* Frameworks */,
				41CD6D4E293B99DD009012DF /* Resources */,
			);
			buildRules = (
			);
			dependencies = (
			);
			name = blockOffV4;
			packageProductDependencies = (
				41F4B99B293B9CA0009A6FD2 /* CalendarKit */,
			);
			productName = blockOffV4;
			productReference = 41CD6D50293B99DD009012DF /* blockOffV4.app */;
			productType = "com.apple.product-type.application";
		};
/* End PBXNativeTarget section */

/* Begin PBXProject section */
		41CD6D48293B99DD009012DF /* Project object */ = {
			isa = PBXProject;
			attributes = {
				BuildIndependentTargetsInParallel = 1;
				LastSwiftUpdateCheck = 1410;
				LastUpgradeCheck = 1410;
				TargetAttributes = {
					41CD6D4F293B99DD009012DF = {
						CreatedOnToolsVersion = 14.1;
					};
				};
			};
			buildConfigurationList = 41CD6D4B293B99DD009012DF /* Build configuration list for PBXProject "blockOffV4" */;
			compatibilityVersion = "Xcode 14.0";
			developmentRegion = en;
			hasScannedForEncodings = 0;
			knownRegions = (
				en,
				Base,
			);
			mainGroup = 41CD6D47293B99DD009012DF;
			packageReferences = (
				41F4B99A293B9CA0009A6FD2 /* XCRemoteSwiftPackageReference "CalendarKit" */,
			);
			productRefGroup = 41CD6D51293B99DD009012DF /* Products */;
			projectDirPath = "";
			projectRoot = "";
			targets = (
				41CD6D4F293B99DD009012DF /* blockOffV4 */,
			);
		};
/* End PBXProject section */

/* Begin PBXResourcesBuildPhase section */
		41CD6D4E293B99DD009012DF /* Resources */ = {
			isa = PBXResourcesBuildPhase;
			buildActionMask = 2147483647;
			files = (
				41CD6D60293B99DE009012DF /* LaunchScreen.storyboard in Resources */,
				41CD6D5D293B99DE009012DF /* Assets.xcassets in Resources */,
			);
			runOnlyForDeploymentPostprocessing = 0;
		};
/* End PBXResourcesBuildPhase section */

/* Begin PBXSourcesBuildPhase section */
		41CD6D4C293B99DD009012DF /* Sources */ = {
			isa = PBXSourcesBuildPhase;
			buildActionMask = 2147483647;
			files = (
				41F4B9A9293BA327009A6FD2 /* Event+CoreDataProperties.swift in Sources */,
				41F4B9B6293BA401009A6FD2 /* Helpers.swift in Sources */,
				41F4B9AD293BA327009A6FD2 /* Unit+CoreDataProperties.swift in Sources */,
				41CD6D58293B99DD009012DF /* CalendarViewController.swift in Sources */,
				41F4B9AB293BA327009A6FD2 /* Check+CoreDataProperties.swift in Sources */,
				41F4B9BA293BB256009A6FD2 /* CalendarManager.swift in Sources */,
				41D24D0B297137FB00AD78F5 /* CalendarsUIView.swift in Sources */,
				4194028B294F6005007F6624 /* CalendarVC+BOButtonCreation.swift in Sources */,
				41C337D029494DDC008F7FF2 /* UnitViewModel.swift in Sources */,
				41F4B9AE293BA327009A6FD2 /* Day+CoreDataClass.swift in Sources */,
				41F4B9AC293BA327009A6FD2 /* Unit+CoreDataClass.swift in Sources */,
				41D24D0929712E7200AD78F5 /* CalendarsViewController.swift in Sources */,
				41C337CE29494D73008F7FF2 /* EventViewModel.swift in Sources */,
				41F4B9B3293BA3A2009A6FD2 /* CoreDataManager.swift in Sources */,
				41CD6D54293B99DD009012DF /* AppDelegate.swift in Sources */,
				41F4B9BD293BF6C9009A6FD2 /* CalendarVC+Extensions.swift in Sources */,
				41C337CC29494D16008F7FF2 /* DayViewModel.swift in Sources */,
				41F4B9B8293BB04B009A6FD2 /* EKWrapper.swift in Sources */,
				41BDABBB2970DFDD00ABF867 /* BOTabBarController.swift in Sources */,
				41F4B9A8293BA327009A6FD2 /* Event+CoreDataClass.swift in Sources */,
				41F4B9AF293BA327009A6FD2 /* Day+CoreDataProperties.swift in Sources */,
				41CD6D56293B99DD009012DF /* SceneDelegate.swift in Sources */,
				41F4B9AA293BA327009A6FD2 /* Check+CoreDataClass.swift in Sources */,
				41F4B99F293B9DEA009A6FD2 /* BlockOffDataModel.xcdatamodeld in Sources */,
			);
			runOnlyForDeploymentPostprocessing = 0;
		};
/* End PBXSourcesBuildPhase section */

/* Begin PBXVariantGroup section */
		41CD6D5E293B99DE009012DF /* LaunchScreen.storyboard */ = {
			isa = PBXVariantGroup;
			children = (
				41CD6D5F293B99DE009012DF /* Base */,
			);
			name = LaunchScreen.storyboard;
			sourceTree = "<group>";
		};
/* End PBXVariantGroup section */

/* Begin XCBuildConfiguration section */
		41CD6D62293B99DE009012DF /* Debug */ = {
			isa = XCBuildConfiguration;
			buildSettings = {
				ALWAYS_SEARCH_USER_PATHS = NO;
				CLANG_ANALYZER_NONNULL = YES;
				CLANG_ANALYZER_NUMBER_OBJECT_CONVERSION = YES_AGGRESSIVE;
				CLANG_CXX_LANGUAGE_STANDARD = "gnu++20";
				CLANG_ENABLE_MODULES = YES;
				CLANG_ENABLE_OBJC_ARC = YES;
				CLANG_ENABLE_OBJC_WEAK = YES;
				CLANG_WARN_BLOCK_CAPTURE_AUTORELEASING = YES;
				CLANG_WARN_BOOL_CONVERSION = YES;
				CLANG_WARN_COMMA = YES;
				CLANG_WARN_CONSTANT_CONVERSION = YES;
				CLANG_WARN_DEPRECATED_OBJC_IMPLEMENTATIONS = YES;
				CLANG_WARN_DIRECT_OBJC_ISA_USAGE = YES_ERROR;
				CLANG_WARN_DOCUMENTATION_COMMENTS = YES;
				CLANG_WARN_EMPTY_BODY = YES;
				CLANG_WARN_ENUM_CONVERSION = YES;
				CLANG_WARN_INFINITE_RECURSION = YES;
				CLANG_WARN_INT_CONVERSION = YES;
				CLANG_WARN_NON_LITERAL_NULL_CONVERSION = YES;
				CLANG_WARN_OBJC_IMPLICIT_RETAIN_SELF = YES;
				CLANG_WARN_OBJC_LITERAL_CONVERSION = YES;
				CLANG_WARN_OBJC_ROOT_CLASS = YES_ERROR;
				CLANG_WARN_QUOTED_INCLUDE_IN_FRAMEWORK_HEADER = YES;
				CLANG_WARN_RANGE_LOOP_ANALYSIS = YES;
				CLANG_WARN_STRICT_PROTOTYPES = YES;
				CLANG_WARN_SUSPICIOUS_MOVE = YES;
				CLANG_WARN_UNGUARDED_AVAILABILITY = YES_AGGRESSIVE;
				CLANG_WARN_UNREACHABLE_CODE = YES;
				CLANG_WARN__DUPLICATE_METHOD_MATCH = YES;
				COPY_PHASE_STRIP = NO;
				DEBUG_INFORMATION_FORMAT = dwarf;
				ENABLE_STRICT_OBJC_MSGSEND = YES;
				ENABLE_TESTABILITY = YES;
				GCC_C_LANGUAGE_STANDARD = gnu11;
				GCC_DYNAMIC_NO_PIC = NO;
				GCC_NO_COMMON_BLOCKS = YES;
				GCC_OPTIMIZATION_LEVEL = 0;
				GCC_PREPROCESSOR_DEFINITIONS = (
					"DEBUG=1",
					"$(inherited)",
				);
				GCC_WARN_64_TO_32_BIT_CONVERSION = YES;
				GCC_WARN_ABOUT_RETURN_TYPE = YES_ERROR;
				GCC_WARN_UNDECLARED_SELECTOR = YES;
				GCC_WARN_UNINITIALIZED_AUTOS = YES_AGGRESSIVE;
				GCC_WARN_UNUSED_FUNCTION = YES;
				GCC_WARN_UNUSED_VARIABLE = YES;
				IPHONEOS_DEPLOYMENT_TARGET = 16.1;
				MTL_ENABLE_DEBUG_INFO = INCLUDE_SOURCE;
				MTL_FAST_MATH = YES;
				ONLY_ACTIVE_ARCH = YES;
				SDKROOT = iphoneos;
				SWIFT_ACTIVE_COMPILATION_CONDITIONS = DEBUG;
				SWIFT_OPTIMIZATION_LEVEL = "-Onone";
			};
			name = Debug;
		};
		41CD6D63293B99DE009012DF /* Release */ = {
			isa = XCBuildConfiguration;
			buildSettings = {
				ALWAYS_SEARCH_USER_PATHS = NO;
				CLANG_ANALYZER_NONNULL = YES;
				CLANG_ANALYZER_NUMBER_OBJECT_CONVERSION = YES_AGGRESSIVE;
				CLANG_CXX_LANGUAGE_STANDARD = "gnu++20";
				CLANG_ENABLE_MODULES = YES;
				CLANG_ENABLE_OBJC_ARC = YES;
				CLANG_ENABLE_OBJC_WEAK = YES;
				CLANG_WARN_BLOCK_CAPTURE_AUTORELEASING = YES;
				CLANG_WARN_BOOL_CONVERSION = YES;
				CLANG_WARN_COMMA = YES;
				CLANG_WARN_CONSTANT_CONVERSION = YES;
				CLANG_WARN_DEPRECATED_OBJC_IMPLEMENTATIONS = YES;
				CLANG_WARN_DIRECT_OBJC_ISA_USAGE = YES_ERROR;
				CLANG_WARN_DOCUMENTATION_COMMENTS = YES;
				CLANG_WARN_EMPTY_BODY = YES;
				CLANG_WARN_ENUM_CONVERSION = YES;
				CLANG_WARN_INFINITE_RECURSION = YES;
				CLANG_WARN_INT_CONVERSION = YES;
				CLANG_WARN_NON_LITERAL_NULL_CONVERSION = YES;
				CLANG_WARN_OBJC_IMPLICIT_RETAIN_SELF = YES;
				CLANG_WARN_OBJC_LITERAL_CONVERSION = YES;
				CLANG_WARN_OBJC_ROOT_CLASS = YES_ERROR;
				CLANG_WARN_QUOTED_INCLUDE_IN_FRAMEWORK_HEADER = YES;
				CLANG_WARN_RANGE_LOOP_ANALYSIS = YES;
				CLANG_WARN_STRICT_PROTOTYPES = YES;
				CLANG_WARN_SUSPICIOUS_MOVE = YES;
				CLANG_WARN_UNGUARDED_AVAILABILITY = YES_AGGRESSIVE;
				CLANG_WARN_UNREACHABLE_CODE = YES;
				CLANG_WARN__DUPLICATE_METHOD_MATCH = YES;
				COPY_PHASE_STRIP = NO;
				DEBUG_INFORMATION_FORMAT = "dwarf-with-dsym";
				ENABLE_NS_ASSERTIONS = NO;
				ENABLE_STRICT_OBJC_MSGSEND = YES;
				GCC_C_LANGUAGE_STANDARD = gnu11;
				GCC_NO_COMMON_BLOCKS = YES;
				GCC_WARN_64_TO_32_BIT_CONVERSION = YES;
				GCC_WARN_ABOUT_RETURN_TYPE = YES_ERROR;
				GCC_WARN_UNDECLARED_SELECTOR = YES;
				GCC_WARN_UNINITIALIZED_AUTOS = YES_AGGRESSIVE;
				GCC_WARN_UNUSED_FUNCTION = YES;
				GCC_WARN_UNUSED_VARIABLE = YES;
				IPHONEOS_DEPLOYMENT_TARGET = 16.1;
				MTL_ENABLE_DEBUG_INFO = NO;
				MTL_FAST_MATH = YES;
				SDKROOT = iphoneos;
				SWIFT_COMPILATION_MODE = wholemodule;
				SWIFT_OPTIMIZATION_LEVEL = "-O";
				VALIDATE_PRODUCT = YES;
			};
			name = Release;
		};
		41CD6D65293B99DE009012DF /* Debug */ = {
			isa = XCBuildConfiguration;
			buildSettings = {
				ASSETCATALOG_COMPILER_APPICON_NAME = AppIcon;
				ASSETCATALOG_COMPILER_GLOBAL_ACCENT_COLOR_NAME = AccentColor;
				CODE_SIGN_STYLE = Automatic;
				CURRENT_PROJECT_VERSION = 1;
				DEVELOPMENT_TEAM = 947MDTH7AR;
				GENERATE_INFOPLIST_FILE = YES;
				INFOPLIST_FILE = blockOffV4/Info.plist;
				INFOPLIST_KEY_NSCalendarsUsageDescription = "Activate calendar defense system.";
				INFOPLIST_KEY_UIApplicationSupportsIndirectInputEvents = YES;
				INFOPLIST_KEY_UILaunchStoryboardName = LaunchScreen;
				INFOPLIST_KEY_UISupportedInterfaceOrientations_iPad = "UIInterfaceOrientationPortrait UIInterfaceOrientationPortraitUpsideDown UIInterfaceOrientationLandscapeLeft UIInterfaceOrientationLandscapeRight";
				INFOPLIST_KEY_UISupportedInterfaceOrientations_iPhone = "UIInterfaceOrientationPortrait UIInterfaceOrientationLandscapeLeft UIInterfaceOrientationLandscapeRight";
				LD_RUNPATH_SEARCH_PATHS = (
					"$(inherited)",
					"@executable_path/Frameworks",
				);
				MARKETING_VERSION = 1.0;
				PRODUCT_BUNDLE_IDENTIFIER = FrankfurtIndustries.blockOffV4;
				PRODUCT_NAME = "$(TARGET_NAME)";
				SWIFT_EMIT_LOC_STRINGS = YES;
				SWIFT_VERSION = 5.0;
				TARGETED_DEVICE_FAMILY = "1,2";
			};
			name = Debug;
		};
		41CD6D66293B99DE009012DF /* Release */ = {
			isa = XCBuildConfiguration;
			buildSettings = {
				ASSETCATALOG_COMPILER_APPICON_NAME = AppIcon;
				ASSETCATALOG_COMPILER_GLOBAL_ACCENT_COLOR_NAME = AccentColor;
				CODE_SIGN_STYLE = Automatic;
				CURRENT_PROJECT_VERSION = 1;
				DEVELOPMENT_TEAM = 947MDTH7AR;
				GENERATE_INFOPLIST_FILE = YES;
				INFOPLIST_FILE = blockOffV4/Info.plist;
				INFOPLIST_KEY_NSCalendarsUsageDescription = "Activate calendar defense system.";
				INFOPLIST_KEY_UIApplicationSupportsIndirectInputEvents = YES;
				INFOPLIST_KEY_UILaunchStoryboardName = LaunchScreen;
				INFOPLIST_KEY_UISupportedInterfaceOrientations_iPad = "UIInterfaceOrientationPortrait UIInterfaceOrientationPortraitUpsideDown UIInterfaceOrientationLandscapeLeft UIInterfaceOrientationLandscapeRight";
				INFOPLIST_KEY_UISupportedInterfaceOrientations_iPhone = "UIInterfaceOrientationPortrait UIInterfaceOrientationLandscapeLeft UIInterfaceOrientationLandscapeRight";
				LD_RUNPATH_SEARCH_PATHS = (
					"$(inherited)",
					"@executable_path/Frameworks",
				);
				MARKETING_VERSION = 1.0;
				PRODUCT_BUNDLE_IDENTIFIER = FrankfurtIndustries.blockOffV4;
				PRODUCT_NAME = "$(TARGET_NAME)";
				SWIFT_EMIT_LOC_STRINGS = YES;
				SWIFT_VERSION = 5.0;
				TARGETED_DEVICE_FAMILY = "1,2";
			};
			name = Release;
		};
/* End XCBuildConfiguration section */

/* Begin XCConfigurationList section */
		41CD6D4B293B99DD009012DF /* Build configuration list for PBXProject "blockOffV4" */ = {
			isa = XCConfigurationList;
			buildConfigurations = (
				41CD6D62293B99DE009012DF /* Debug */,
				41CD6D63293B99DE009012DF /* Release */,
			);
			defaultConfigurationIsVisible = 0;
			defaultConfigurationName = Release;
		};
		41CD6D64293B99DE009012DF /* Build configuration list for PBXNativeTarget "blockOffV4" */ = {
			isa = XCConfigurationList;
			buildConfigurations = (
				41CD6D65293B99DE009012DF /* Debug */,
				41CD6D66293B99DE009012DF /* Release */,
			);
			defaultConfigurationIsVisible = 0;
			defaultConfigurationName = Release;
		};
/* End XCConfigurationList section */

/* Begin XCRemoteSwiftPackageReference section */
		41F4B99A293B9CA0009A6FD2 /* XCRemoteSwiftPackageReference "CalendarKit" */ = {
			isa = XCRemoteSwiftPackageReference;
			repositoryURL = "https://github.com/richardtop/CalendarKit.git";
			requirement = {
				branch = master;
				kind = branch;
			};
		};
/* End XCRemoteSwiftPackageReference section */

/* Begin XCSwiftPackageProductDependency section */
		41F4B99B293B9CA0009A6FD2 /* CalendarKit */ = {
			isa = XCSwiftPackageProductDependency;
			package = 41F4B99A293B9CA0009A6FD2 /* XCRemoteSwiftPackageReference "CalendarKit" */;
			productName = CalendarKit;
		};
/* End XCSwiftPackageProductDependency section */

/* Begin XCVersionGroup section */
		41F4B99D293B9DEA009A6FD2 /* BlockOffDataModel.xcdatamodeld */ = {
			isa = XCVersionGroup;
			children = (
				41F4B99E293B9DEA009A6FD2 /* BlockOffDataModel.xcdatamodel */,
			);
			currentVersion = 41F4B99E293B9DEA009A6FD2 /* BlockOffDataModel.xcdatamodel */;
			path = BlockOffDataModel.xcdatamodeld;
			sourceTree = "<group>";
			versionGroupType = wrapper.xcdatamodel;
		};
/* End XCVersionGroup section */
	};
	rootObject = 41CD6D48293B99DD009012DF /* Project object */;
}
